// !$*UTF8*$!
{
	archiveVersion = 1;
	classes = {
	};
	objectVersion = 42;
	objects = {

/* Begin PBXBuildFile section */
		00dceb4c6387c6f9d935b487c9cb7279 /* ofxTCPManager.cpp in Sources */ = {isa = PBXBuildFile; fileRef = c0f37a2b9df40e0144b2733b717b32e9 /* ofxTCPManager.cpp */; };
		021DF7B016F90CE700569C6A /* GEVisualizerFakeData.cpp in Sources */ = {isa = PBXBuildFile; fileRef = 021DF7AF16F90CE700569C6A /* GEVisualizerFakeData.cpp */; };
		024F8FB416BC7B0E0082D051 /* GEVisualizer.cpp in Sources */ = {isa = PBXBuildFile; fileRef = 024F8F8116BC7B0E0082D051 /* GEVisualizer.cpp */; };
		024F8FB516BC7B0E0082D051 /* Layout.cpp in Sources */ = {isa = PBXBuildFile; fileRef = 024F8F8316BC7B0E0082D051 /* Layout.cpp */; };
		024F8FB616BC7B0E0082D051 /* LayoutRenderer.cpp in Sources */ = {isa = PBXBuildFile; fileRef = 024F8F8516BC7B0E0082D051 /* LayoutRenderer.cpp */; };
		024F8FB716BC7B0E0082D051 /* main.cpp in Sources */ = {isa = PBXBuildFile; fileRef = 024F8F8816BC7B0E0082D051 /* main.cpp */; };
		024F8FC916BC7B0E0082D051 /* tinyxml.cpp in Sources */ = {isa = PBXBuildFile; fileRef = 024F8FAF16BC7B0E0082D051 /* tinyxml.cpp */; };
		024F8FCA16BC7B0E0082D051 /* tinyxmlerror.cpp in Sources */ = {isa = PBXBuildFile; fileRef = 024F8FB116BC7B0E0082D051 /* tinyxmlerror.cpp */; };
		024F8FCB16BC7B0E0082D051 /* tinyxmlparser.cpp in Sources */ = {isa = PBXBuildFile; fileRef = 024F8FB216BC7B0E0082D051 /* tinyxmlparser.cpp */; };
		02A17D9516F228C7005AB17D /* SkeletonRenderer.cpp in Sources */ = {isa = PBXBuildFile; fileRef = 02A17D9316F228C7005AB17D /* SkeletonRenderer.cpp */; };
		02E479611708B64A009691CB /* LayoutApp.cpp in Sources */ = {isa = PBXBuildFile; fileRef = 02E479581708B64A009691CB /* LayoutApp.cpp */; };
		035f125683ef112b263ff275ba2349ab /* UdpSocket.cpp in Sources */ = {isa = PBXBuildFile; fileRef = c54dc7a5c30cb956123a88cc294b91ab /* UdpSocket.cpp */; };
		03a01fc41cf9b3bb9eae5c9bf2fd18d4 /* svgtiny.cpp in Sources */ = {isa = PBXBuildFile; fileRef = 8b71869552d144a2eaa45b2413328254 /* svgtiny.cpp */; };
		07666e3d771a9f4de76135bb85c7cff2 /* ofxSVG.cpp in Sources */ = {isa = PBXBuildFile; fileRef = dee3bc1a9d1cdd20558fe1261030e80c /* ofxSVG.cpp */; };
		1e1b4f76ba31512e5ac28e624d630b24 /* NetworkingUtils.cpp in Sources */ = {isa = PBXBuildFile; fileRef = 594d59b14e311ea295e3507ecd48bf1a /* NetworkingUtils.cpp */; };
		20ad48da6b712f2c2ddb2b1b0d86c4e9 /* src_colors.cpp in Sources */ = {isa = PBXBuildFile; fileRef = fb6ab765572238c6c4e6e25c1e6827f8 /* src_colors.cpp */; };
		2613c36cbc970db3c2ee3f8bded42045 /* IpEndpointName.cpp in Sources */ = {isa = PBXBuildFile; fileRef = 702cf892ad9d91d7f384b4901b4e5113 /* IpEndpointName.cpp */; };
		3119537963503e957cc418dbcfc8e6fd /* svgtiny_list.cpp in Sources */ = {isa = PBXBuildFile; fileRef = 02d71117fa557eae2252a7f8696299e1 /* svgtiny_list.cpp */; };
		4da831302ed16f199d7beba43bd1670f /* ofxOscSender.cpp in Sources */ = {isa = PBXBuildFile; fileRef = d12f6f0c10806ed8ef477723a8f6be8f /* ofxOscSender.cpp */; };
		7ad9e5a4126124aae490c49524cbcdfb /* OscOutboundPacketStream.cpp in Sources */ = {isa = PBXBuildFile; fileRef = c0da957413f62e109846da33a16b5c2f /* OscOutboundPacketStream.cpp */; };
		8238a2bcf90200bd14497b5c8920b2ad /* NetworkingUtilsWin.cpp in Sources */ = {isa = PBXBuildFile; fileRef = 4d90e9c11dbf2dd07fd41afa6bb4e27a /* NetworkingUtilsWin.cpp */; };
		84e44d5c0bd9bfa84a14ee9e0fd754ef /* UdpSocketWin.cpp in Sources */ = {isa = PBXBuildFile; fileRef = 98cf1bc1fbfdfb810a5d34fe9ec1764e /* UdpSocketWin.cpp */; };
		8a3041e5c013ac215764e3b6b4314fb9 /* ofxTCPClient.cpp in Sources */ = {isa = PBXBuildFile; fileRef = b7a4c2c26f03ac3615eb383278a0f208 /* ofxTCPClient.cpp */; };
		93ce2417aaff8da156c1d42fa4648671 /* svgtiny_gradient.cpp in Sources */ = {isa = PBXBuildFile; fileRef = fd72192577e8ca20ca9964a63f4fe223 /* svgtiny_gradient.cpp */; };
		9b986b58e3be9c6799df6bb10a406097 /* OscPrintReceivedElements.cpp in Sources */ = {isa = PBXBuildFile; fileRef = 9042b2402f3cea58097dcb529f0ae47c /* OscPrintReceivedElements.cpp */; };
		BBAB23CB13894F3D00AA2426 /* GLUT.framework in CopyFiles */ = {isa = PBXBuildFile; fileRef = BBAB23BE13894E4700AA2426 /* GLUT.framework */; };
		E4328149138ABC9F0047C5CB /* openFrameworksDebug.a in Frameworks */ = {isa = PBXBuildFile; fileRef = E4328148138ABC890047C5CB /* openFrameworksDebug.a */; };
		E45BE97B0E8CC7DD009D7055 /* AGL.framework in Frameworks */ = {isa = PBXBuildFile; fileRef = E45BE9710E8CC7DD009D7055 /* AGL.framework */; };
		E45BE97C0E8CC7DD009D7055 /* ApplicationServices.framework in Frameworks */ = {isa = PBXBuildFile; fileRef = E45BE9720E8CC7DD009D7055 /* ApplicationServices.framework */; };
		E45BE97D0E8CC7DD009D7055 /* AudioToolbox.framework in Frameworks */ = {isa = PBXBuildFile; fileRef = E45BE9730E8CC7DD009D7055 /* AudioToolbox.framework */; };
		E45BE97E0E8CC7DD009D7055 /* Carbon.framework in Frameworks */ = {isa = PBXBuildFile; fileRef = E45BE9740E8CC7DD009D7055 /* Carbon.framework */; };
		E45BE97F0E8CC7DD009D7055 /* CoreAudio.framework in Frameworks */ = {isa = PBXBuildFile; fileRef = E45BE9750E8CC7DD009D7055 /* CoreAudio.framework */; };
		E45BE9800E8CC7DD009D7055 /* CoreFoundation.framework in Frameworks */ = {isa = PBXBuildFile; fileRef = E45BE9760E8CC7DD009D7055 /* CoreFoundation.framework */; };
		E45BE9810E8CC7DD009D7055 /* CoreServices.framework in Frameworks */ = {isa = PBXBuildFile; fileRef = E45BE9770E8CC7DD009D7055 /* CoreServices.framework */; };
		E45BE9830E8CC7DD009D7055 /* OpenGL.framework in Frameworks */ = {isa = PBXBuildFile; fileRef = E45BE9790E8CC7DD009D7055 /* OpenGL.framework */; };
		E45BE9840E8CC7DD009D7055 /* QuickTime.framework in Frameworks */ = {isa = PBXBuildFile; fileRef = E45BE97A0E8CC7DD009D7055 /* QuickTime.framework */; };
		E4C2424710CC5A17004149E2 /* AppKit.framework in Frameworks */ = {isa = PBXBuildFile; fileRef = E4C2424410CC5A17004149E2 /* AppKit.framework */; };
		E4C2424810CC5A17004149E2 /* Cocoa.framework in Frameworks */ = {isa = PBXBuildFile; fileRef = E4C2424510CC5A17004149E2 /* Cocoa.framework */; };
		E4C2424910CC5A17004149E2 /* IOKit.framework in Frameworks */ = {isa = PBXBuildFile; fileRef = E4C2424610CC5A17004149E2 /* IOKit.framework */; };
		E4EB6799138ADC1D00A09F29 /* GLUT.framework in Frameworks */ = {isa = PBXBuildFile; fileRef = BBAB23BE13894E4700AA2426 /* GLUT.framework */; };
		E7E077E515D3B63C0020DFD4 /* CoreVideo.framework in Frameworks */ = {isa = PBXBuildFile; fileRef = E7E077E415D3B63C0020DFD4 /* CoreVideo.framework */; };
		E7E077E815D3B6510020DFD4 /* QTKit.framework in Frameworks */ = {isa = PBXBuildFile; fileRef = E7E077E715D3B6510020DFD4 /* QTKit.framework */; };
		E7F985F815E0DEA3003869B5 /* Accelerate.framework in Frameworks */ = {isa = PBXBuildFile; fileRef = E7F985F515E0DE99003869B5 /* Accelerate.framework */; };
		a7163a385b33f4ef9b8f62a56a8acf61 /* ofxOscBundle.cpp in Sources */ = {isa = PBXBuildFile; fileRef = 3936412f85354258d9592ee93a2b060a /* ofxOscBundle.cpp */; };
		b3704c23991f50df6ac16e2047164301 /* ofxUDPManager.cpp in Sources */ = {isa = PBXBuildFile; fileRef = ff4117ed5118c8e53fee0346bf8509af /* ofxUDPManager.cpp */; };
		c9cbb1e58b9c8a8e31f6fa797b994b86 /* OscReceivedElements.cpp in Sources */ = {isa = PBXBuildFile; fileRef = fb480e9b3d3b4e53a439af3374021eaf /* OscReceivedElements.cpp */; };
		cf76c904009f22aa756cb40dbf209da1 /* ofxOscReceiver.cpp in Sources */ = {isa = PBXBuildFile; fileRef = 3c60e5c41705c91753124702f44ba547 /* ofxOscReceiver.cpp */; };
		e24b8224a702be1c30f6de10d2b9e7e4 /* ofxOscMessage.cpp in Sources */ = {isa = PBXBuildFile; fileRef = 7bf84945283dd4d8a633536124b91ec3 /* ofxOscMessage.cpp */; };
		e7ca2fba739920c4d03505e8e5288ac2 /* ofxTCPServer.cpp in Sources */ = {isa = PBXBuildFile; fileRef = c1d7d2114911432bf8d6c077f35bf084 /* ofxTCPServer.cpp */; };
		e8ec30c1a97526a27cd560a4ef0d07b5 /* OscTypes.cpp in Sources */ = {isa = PBXBuildFile; fileRef = e51d3f393626525cb97275aaa35bdcf6 /* OscTypes.cpp */; };
/* End PBXBuildFile section */

/* Begin PBXContainerItemProxy section */
		E4328147138ABC890047C5CB /* PBXContainerItemProxy */ = {
			isa = PBXContainerItemProxy;
			containerPortal = E4328143138ABC890047C5CB /* openFrameworksLib.xcodeproj */;
			proxyType = 2;
			remoteGlobalIDString = E4B27C1510CBEB8E00536013;
			remoteInfo = openFrameworks;
		};
		E4EEB9AB138B136A00A80321 /* PBXContainerItemProxy */ = {
			isa = PBXContainerItemProxy;
			containerPortal = E4328143138ABC890047C5CB /* openFrameworksLib.xcodeproj */;
			proxyType = 1;
			remoteGlobalIDString = E4B27C1410CBEB8E00536013;
			remoteInfo = openFrameworks;
		};
/* End PBXContainerItemProxy section */

/* Begin PBXCopyFilesBuildPhase section */
		E4C2427710CC5ABF004149E2 /* CopyFiles */ = {
			isa = PBXCopyFilesBuildPhase;
			buildActionMask = 2147483647;
			dstPath = "";
			dstSubfolderSpec = 10;
			files = (
				BBAB23CB13894F3D00AA2426 /* GLUT.framework in CopyFiles */,
			);
			runOnlyForDeploymentPostprocessing = 0;
		};
/* End PBXCopyFilesBuildPhase section */

/* Begin PBXFileReference section */
		021DF7AF16F90CE700569C6A /* GEVisualizerFakeData.cpp */ = {isa = PBXFileReference; fileEncoding = 4; lastKnownFileType = sourcecode.cpp.cpp; path = GEVisualizerFakeData.cpp; sourceTree = "<group>"; };
		024F8F8016BC7B0E0082D051 /* geometry.h */ = {isa = PBXFileReference; fileEncoding = 4; lastKnownFileType = sourcecode.c.h; path = geometry.h; sourceTree = "<group>"; };
		024F8F8116BC7B0E0082D051 /* GEVisualizer.cpp */ = {isa = PBXFileReference; fileEncoding = 4; lastKnownFileType = sourcecode.cpp.cpp; path = GEVisualizer.cpp; sourceTree = "<group>"; };
		024F8F8216BC7B0E0082D051 /* GEVisualizer.h */ = {isa = PBXFileReference; fileEncoding = 4; lastKnownFileType = sourcecode.c.h; path = GEVisualizer.h; sourceTree = "<group>"; };
		024F8F8316BC7B0E0082D051 /* Layout.cpp */ = {isa = PBXFileReference; fileEncoding = 4; lastKnownFileType = sourcecode.cpp.cpp; path = Layout.cpp; sourceTree = "<group>"; };
		024F8F8416BC7B0E0082D051 /* Layout.h */ = {isa = PBXFileReference; fileEncoding = 4; lastKnownFileType = sourcecode.c.h; path = Layout.h; sourceTree = "<group>"; };
		024F8F8516BC7B0E0082D051 /* LayoutRenderer.cpp */ = {isa = PBXFileReference; fileEncoding = 4; lastKnownFileType = sourcecode.cpp.cpp; path = LayoutRenderer.cpp; sourceTree = "<group>"; };
		024F8F8616BC7B0E0082D051 /* LayoutRenderer.h */ = {isa = PBXFileReference; fileEncoding = 4; lastKnownFileType = sourcecode.c.h; path = LayoutRenderer.h; sourceTree = "<group>"; };
		024F8F8716BC7B0E0082D051 /* LocationData.h */ = {isa = PBXFileReference; fileEncoding = 4; lastKnownFileType = sourcecode.c.h; path = LocationData.h; sourceTree = "<group>"; };
		024F8F8816BC7B0E0082D051 /* main.cpp */ = {isa = PBXFileReference; fileEncoding = 4; lastKnownFileType = sourcecode.cpp.cpp; path = main.cpp; sourceTree = "<group>"; };
		024F8FAD16BC7B0E0082D051 /* TimeEvent.h */ = {isa = PBXFileReference; fileEncoding = 4; lastKnownFileType = sourcecode.c.h; path = TimeEvent.h; sourceTree = "<group>"; };
		024F8FAF16BC7B0E0082D051 /* tinyxml.cpp */ = {isa = PBXFileReference; fileEncoding = 4; lastKnownFileType = sourcecode.cpp.cpp; path = tinyxml.cpp; sourceTree = "<group>"; };
		024F8FB016BC7B0E0082D051 /* tinyxml.h */ = {isa = PBXFileReference; fileEncoding = 4; lastKnownFileType = sourcecode.c.h; path = tinyxml.h; sourceTree = "<group>"; };
		024F8FB116BC7B0E0082D051 /* tinyxmlerror.cpp */ = {isa = PBXFileReference; fileEncoding = 4; lastKnownFileType = sourcecode.cpp.cpp; path = tinyxmlerror.cpp; sourceTree = "<group>"; };
		024F8FB216BC7B0E0082D051 /* tinyxmlparser.cpp */ = {isa = PBXFileReference; fileEncoding = 4; lastKnownFileType = sourcecode.cpp.cpp; path = tinyxmlparser.cpp; sourceTree = "<group>"; };
		02A17D9316F228C7005AB17D /* SkeletonRenderer.cpp */ = {isa = PBXFileReference; fileEncoding = 4; lastKnownFileType = sourcecode.cpp.cpp; path = SkeletonRenderer.cpp; sourceTree = "<group>"; };
		02A17D9416F228C7005AB17D /* SkeletonRenderer.h */ = {isa = PBXFileReference; fileEncoding = 4; lastKnownFileType = sourcecode.c.h; path = SkeletonRenderer.h; sourceTree = "<group>"; };
		02E479581708B64A009691CB /* LayoutApp.cpp */ = {isa = PBXFileReference; fileEncoding = 4; lastKnownFileType = sourcecode.cpp.cpp; path = LayoutApp.cpp; sourceTree = "<group>"; };
		02E479591708B64A009691CB /* LayoutApp.h */ = {isa = PBXFileReference; fileEncoding = 4; lastKnownFileType = sourcecode.c.h; path = LayoutApp.h; sourceTree = "<group>"; };
		02E4795B1708B64A009691CB /* ViewApp.h */ = {isa = PBXFileReference; fileEncoding = 4; lastKnownFileType = sourcecode.c.h; path = ViewApp.h; sourceTree = "<group>"; };
		02E4795C1708B64A009691CB /* ViewAppBase.h */ = {isa = PBXFileReference; fileEncoding = 4; lastKnownFileType = sourcecode.c.h; path = ViewAppBase.h; sourceTree = "<group>"; };
		02E4795D1708B64A009691CB /* ViewControllerApp.h */ = {isa = PBXFileReference; fileEncoding = 4; lastKnownFileType = sourcecode.c.h; path = ViewControllerApp.h; sourceTree = "<group>"; };
		02E479621708FC5F009691CB /* ProxyManyApp.h */ = {isa = PBXFileReference; fileEncoding = 4; lastKnownFileType = sourcecode.c.h; name = ProxyManyApp.h; path = src/AppController/ProxyManyApp.h; sourceTree = "<group>"; };
		02d71117fa557eae2252a7f8696299e1 /* svgtiny_list.cpp */ = {isa = PBXFileReference; explicitFileType = sourcecode.cpp.cpp; fileEncoding = 30; name = svgtiny_list.cpp; path = ../../of_v0073_osx_release/addons/ofxSvg/libs/svgTiny/src/svgtiny_list.cpp; sourceTree = SOURCE_ROOT; };
		04a0a34fe784bb191a039b40eceb4eff /* ofxUIImageToggle.h */ = {isa = PBXFileReference; explicitFileType = sourcecode.c.h; fileEncoding = 30; name = ofxUIImageToggle.h; path = ../../of_v0073_osx_release/addons/ofxUI/src/ofxUIImageToggle.h; sourceTree = SOURCE_ROOT; };
		04ab4b6de84bc5aba00b6a8716c6705a /* ofxOscBundle.h */ = {isa = PBXFileReference; explicitFileType = sourcecode.c.h; fileEncoding = 30; name = ofxOscBundle.h; path = ../../of_v0073_osx_release/addons/ofxOsc/src/ofxOscBundle.h; sourceTree = SOURCE_ROOT; };
		04d4d13c8a2c92432a92a0d66267690a /* OscHostEndianness.h */ = {isa = PBXFileReference; explicitFileType = sourcecode.c.h; fileEncoding = 30; name = OscHostEndianness.h; path = ../../of_v0073_osx_release/addons/ofxOsc/libs/oscpack/src/osc/OscHostEndianness.h; sourceTree = SOURCE_ROOT; };
		0a4148e76c5cc34f19855eca9f661436 /* ofxUISlider.h */ = {isa = PBXFileReference; explicitFileType = sourcecode.c.h; fileEncoding = 30; name = ofxUISlider.h; path = ../../of_v0073_osx_release/addons/ofxUI/src/ofxUISlider.h; sourceTree = SOURCE_ROOT; };
		0b4b2ae21e19a67753d97f8631929d28 /* ofxUIRadio.h */ = {isa = PBXFileReference; explicitFileType = sourcecode.c.h; fileEncoding = 30; name = ofxUIRadio.h; path = ../../of_v0073_osx_release/addons/ofxUI/src/ofxUIRadio.h; sourceTree = SOURCE_ROOT; };
		0b6bff1500442966072b95c0db828c82 /* ofxTCPServer.h */ = {isa = PBXFileReference; explicitFileType = sourcecode.c.h; fileEncoding = 30; name = ofxTCPServer.h; path = ../../of_v0073_osx_release/addons/ofxNetwork/src/ofxTCPServer.h; sourceTree = SOURCE_ROOT; };
		0c00790ffea6449b0287432a3f7c9d67 /* ofxUIMinimalSlider.h */ = {isa = PBXFileReference; explicitFileType = sourcecode.c.h; fileEncoding = 30; name = ofxUIMinimalSlider.h; path = ../../of_v0073_osx_release/addons/ofxUI/src/ofxUIMinimalSlider.h; sourceTree = SOURCE_ROOT; };
		14d5a0d9316732046ccefe1791ccc1c2 /* ofxTCPManager.h */ = {isa = PBXFileReference; explicitFileType = sourcecode.c.h; fileEncoding = 30; name = ofxTCPManager.h; path = ../../of_v0073_osx_release/addons/ofxNetwork/src/ofxTCPManager.h; sourceTree = SOURCE_ROOT; };
		1814d445932655418ce329e4ebb5a4d2 /* ofxUIMovingGraph.h */ = {isa = PBXFileReference; explicitFileType = sourcecode.c.h; fileEncoding = 30; name = ofxUIMovingGraph.h; path = ../../of_v0073_osx_release/addons/ofxUI/src/ofxUIMovingGraph.h; sourceTree = SOURCE_ROOT; };
		192f62a6b3f97900aba3a53375cc1b05 /* OscPacketListener.h */ = {isa = PBXFileReference; explicitFileType = sourcecode.c.h; fileEncoding = 30; name = OscPacketListener.h; path = ../../of_v0073_osx_release/addons/ofxOsc/libs/oscpack/src/osc/OscPacketListener.h; sourceTree = SOURCE_ROOT; };
		19480e9789d6cfc3961d7f3517f62acb /* IpEndpointName.h */ = {isa = PBXFileReference; explicitFileType = sourcecode.c.h; fileEncoding = 30; name = IpEndpointName.h; path = ../../of_v0073_osx_release/addons/ofxOsc/libs/oscpack/src/ip/IpEndpointName.h; sourceTree = SOURCE_ROOT; };
		1ad2af5dd9582cac37cee3a3be40ca62 /* ofxUIWidgetWithLabel.h */ = {isa = PBXFileReference; explicitFileType = sourcecode.c.h; fileEncoding = 30; name = ofxUIWidgetWithLabel.h; path = ../../of_v0073_osx_release/addons/ofxUI/src/ofxUIWidgetWithLabel.h; sourceTree = SOURCE_ROOT; };
		23cf6622298f37ebb0b59ddfe7f38a4e /* ofxUISpectrum.h */ = {isa = PBXFileReference; explicitFileType = sourcecode.c.h; fileEncoding = 30; name = ofxUISpectrum.h; path = ../../of_v0073_osx_release/addons/ofxUI/src/ofxUISpectrum.h; sourceTree = SOURCE_ROOT; };
		2b216b40f2e2d535dc97e9eb5ed0f25d /* ofxUIWidget.h */ = {isa = PBXFileReference; explicitFileType = sourcecode.c.h; fileEncoding = 30; name = ofxUIWidget.h; path = ../../of_v0073_osx_release/addons/ofxUI/src/ofxUIWidget.h; sourceTree = SOURCE_ROOT; };
		2bfd3f4a89dff9b63275d9e18d7ec30c /* OscReceivedElements.h */ = {isa = PBXFileReference; explicitFileType = sourcecode.c.h; fileEncoding = 30; name = OscReceivedElements.h; path = ../../of_v0073_osx_release/addons/ofxOsc/libs/oscpack/src/osc/OscReceivedElements.h; sourceTree = SOURCE_ROOT; };
		2d5f8aaf07c55f3d9b22bd4fc4f50706 /* ofxUIScrollableCanvas.h */ = {isa = PBXFileReference; explicitFileType = sourcecode.c.h; fileEncoding = 30; name = ofxUIScrollableCanvas.h; path = ../../of_v0073_osx_release/addons/ofxUI/src/ofxUIScrollableCanvas.h; sourceTree = SOURCE_ROOT; };
		3936412f85354258d9592ee93a2b060a /* ofxOscBundle.cpp */ = {isa = PBXFileReference; explicitFileType = sourcecode.cpp.cpp; fileEncoding = 30; name = ofxOscBundle.cpp; path = ../../of_v0073_osx_release/addons/ofxOsc/src/ofxOscBundle.cpp; sourceTree = SOURCE_ROOT; };
		3c60e5c41705c91753124702f44ba547 /* ofxOscReceiver.cpp */ = {isa = PBXFileReference; explicitFileType = sourcecode.cpp.cpp; fileEncoding = 30; name = ofxOscReceiver.cpp; path = ../../of_v0073_osx_release/addons/ofxOsc/src/ofxOscReceiver.cpp; sourceTree = SOURCE_ROOT; };
		43a41a75d05f5daeef0d85b579fdec46 /* ofxUIEventArgs.h */ = {isa = PBXFileReference; explicitFileType = sourcecode.c.h; fileEncoding = 30; name = ofxUIEventArgs.h; path = ../../of_v0073_osx_release/addons/ofxUI/src/ofxUIEventArgs.h; sourceTree = SOURCE_ROOT; };
		43cfe4840db213b36b4f2ba2ef2cbe62 /* ofxUICustomImageButton.h */ = {isa = PBXFileReference; explicitFileType = sourcecode.c.h; fileEncoding = 30; name = ofxUICustomImageButton.h; path = ../../of_v0073_osx_release/addons/ofxUI/src/ofxUICustomImageButton.h; sourceTree = SOURCE_ROOT; };
		4beb876febdce1cf1318f1ee63de8137 /* ofxUIMultiImageButton.h */ = {isa = PBXFileReference; explicitFileType = sourcecode.c.h; fileEncoding = 30; name = ofxUIMultiImageButton.h; path = ../../of_v0073_osx_release/addons/ofxUI/src/ofxUIMultiImageButton.h; sourceTree = SOURCE_ROOT; };
		4d6a3d7503e683824cb7986c7c9de23b /* ofxUIBaseDraws.h */ = {isa = PBXFileReference; explicitFileType = sourcecode.c.h; fileEncoding = 30; name = ofxUIBaseDraws.h; path = ../../of_v0073_osx_release/addons/ofxUI/src/ofxUIBaseDraws.h; sourceTree = SOURCE_ROOT; };
		4d90e9c11dbf2dd07fd41afa6bb4e27a /* NetworkingUtilsWin.cpp */ = {isa = PBXFileReference; explicitFileType = sourcecode.cpp.cpp; fileEncoding = 30; name = NetworkingUtilsWin.cpp; path = ../../of_v0073_osx_release/addons/ofxOsc/libs/oscpack/src/ip/win32/NetworkingUtilsWin.cpp; sourceTree = SOURCE_ROOT; };
		4f068f620f2ccc59cff2a551922923c0 /* ofxUILabel.h */ = {isa = PBXFileReference; explicitFileType = sourcecode.c.h; fileEncoding = 30; name = ofxUILabel.h; path = ../../of_v0073_osx_release/addons/ofxUI/src/ofxUILabel.h; sourceTree = SOURCE_ROOT; };
		503ca9ff0ea3488e20bfa3e88e72b30b /* OscTypes.h */ = {isa = PBXFileReference; explicitFileType = sourcecode.c.h; fileEncoding = 30; name = OscTypes.h; path = ../../of_v0073_osx_release/addons/ofxOsc/libs/oscpack/src/osc/OscTypes.h; sourceTree = SOURCE_ROOT; };
		54317fc79d63b4d8377ea759be175149 /* ofxUIBiLabelSlider.h */ = {isa = PBXFileReference; explicitFileType = sourcecode.c.h; fileEncoding = 30; name = ofxUIBiLabelSlider.h; path = ../../of_v0073_osx_release/addons/ofxUI/src/ofxUIBiLabelSlider.h; sourceTree = SOURCE_ROOT; };
		55f38e8f1b8ac485f6b54b13c5ef3d1f /* ofxUICanvas.h */ = {isa = PBXFileReference; explicitFileType = sourcecode.c.h; fileEncoding = 30; name = ofxUICanvas.h; path = ../../of_v0073_osx_release/addons/ofxUI/src/ofxUICanvas.h; sourceTree = SOURCE_ROOT; };
		594d59b14e311ea295e3507ecd48bf1a /* NetworkingUtils.cpp */ = {isa = PBXFileReference; explicitFileType = sourcecode.cpp.cpp; fileEncoding = 30; name = NetworkingUtils.cpp; path = ../../of_v0073_osx_release/addons/ofxOsc/libs/oscpack/src/ip/posix/NetworkingUtils.cpp; sourceTree = SOURCE_ROOT; };
		5d9d81868302dad60a76dc1817ab98d4 /* ofxUITextArea.h */ = {isa = PBXFileReference; explicitFileType = sourcecode.c.h; fileEncoding = 30; name = ofxUITextArea.h; path = ../../of_v0073_osx_release/addons/ofxUI/src/ofxUITextArea.h; sourceTree = SOURCE_ROOT; };
		6081e19504721eba1ea84f937fa2840f /* PacketListener.h */ = {isa = PBXFileReference; explicitFileType = sourcecode.c.h; fileEncoding = 30; name = PacketListener.h; path = ../../of_v0073_osx_release/addons/ofxOsc/libs/oscpack/src/ip/PacketListener.h; sourceTree = SOURCE_ROOT; };
		6108c8401ceac08f7e7d514c9cc63ad0 /* ofxSVG.h */ = {isa = PBXFileReference; explicitFileType = sourcecode.c.h; fileEncoding = 30; name = ofxSVG.h; path = ../../of_v0073_osx_release/addons/ofxSvg/src/ofxSVG.h; sourceTree = SOURCE_ROOT; };
		6597175fd66f782d81e23d2be81d77c5 /* svgtiny.h */ = {isa = PBXFileReference; explicitFileType = sourcecode.c.h; fileEncoding = 30; name = svgtiny.h; path = ../../of_v0073_osx_release/addons/ofxSvg/libs/svgTiny/src/svgtiny.h; sourceTree = SOURCE_ROOT; };
		675cb588a7ab1017b59aa6ea56737dfd /* ofxUIFPSSlider.h */ = {isa = PBXFileReference; explicitFileType = sourcecode.c.h; fileEncoding = 30; name = ofxUIFPSSlider.h; path = ../../of_v0073_osx_release/addons/ofxUI/src/ofxUIFPSSlider.h; sourceTree = SOURCE_ROOT; };
		69b8725b348861e481bc8326eb47799e /* ofxUIMultiImageToggle.h */ = {isa = PBXFileReference; explicitFileType = sourcecode.c.h; fileEncoding = 30; name = ofxUIMultiImageToggle.h; path = ../../of_v0073_osx_release/addons/ofxUI/src/ofxUIMultiImageToggle.h; sourceTree = SOURCE_ROOT; };
		702cf892ad9d91d7f384b4901b4e5113 /* IpEndpointName.cpp */ = {isa = PBXFileReference; explicitFileType = sourcecode.cpp.cpp; fileEncoding = 30; name = IpEndpointName.cpp; path = ../../of_v0073_osx_release/addons/ofxOsc/libs/oscpack/src/ip/IpEndpointName.cpp; sourceTree = SOURCE_ROOT; };
		70fbfaa45292bf826470b4c3127b8e3a /* ofxUIToggle.h */ = {isa = PBXFileReference; explicitFileType = sourcecode.c.h; fileEncoding = 30; name = ofxUIToggle.h; path = ../../of_v0073_osx_release/addons/ofxUI/src/ofxUIToggle.h; sourceTree = SOURCE_ROOT; };
		739b2726590f3ccda060073734871ac6 /* OscException.h */ = {isa = PBXFileReference; explicitFileType = sourcecode.c.h; fileEncoding = 30; name = OscException.h; path = ../../of_v0073_osx_release/addons/ofxOsc/libs/oscpack/src/osc/OscException.h; sourceTree = SOURCE_ROOT; };
		7bf84945283dd4d8a633536124b91ec3 /* ofxOscMessage.cpp */ = {isa = PBXFileReference; explicitFileType = sourcecode.cpp.cpp; fileEncoding = 30; name = ofxOscMessage.cpp; path = ../../of_v0073_osx_release/addons/ofxOsc/src/ofxOscMessage.cpp; sourceTree = SOURCE_ROOT; };
		803c51ba779a7826e568108e7a607af6 /* ofxUIImage.h */ = {isa = PBXFileReference; explicitFileType = sourcecode.c.h; fileEncoding = 30; name = ofxUIImage.h; path = ../../of_v0073_osx_release/addons/ofxUI/src/ofxUIImage.h; sourceTree = SOURCE_ROOT; };
		805034d589dd6e682af5c931bf2eb770 /* ofxOscReceiver.h */ = {isa = PBXFileReference; explicitFileType = sourcecode.c.h; fileEncoding = 30; name = ofxOscReceiver.h; path = ../../of_v0073_osx_release/addons/ofxOsc/src/ofxOscReceiver.h; sourceTree = SOURCE_ROOT; };
		874fc231d3e9d277457193b0da05a431 /* MessageMappingOscPacketListener.h */ = {isa = PBXFileReference; explicitFileType = sourcecode.c.h; fileEncoding = 30; name = MessageMappingOscPacketListener.h; path = ../../of_v0073_osx_release/addons/ofxOsc/libs/oscpack/src/osc/MessageMappingOscPacketListener.h; sourceTree = SOURCE_ROOT; };
		8b71869552d144a2eaa45b2413328254 /* svgtiny.cpp */ = {isa = PBXFileReference; explicitFileType = sourcecode.cpp.cpp; fileEncoding = 30; name = svgtiny.cpp; path = ../../of_v0073_osx_release/addons/ofxSvg/libs/svgTiny/src/svgtiny.cpp; sourceTree = SOURCE_ROOT; };
		8baf291185da7a0d78e83f7fe7f2f9a7 /* ofxUISpacer.h */ = {isa = PBXFileReference; explicitFileType = sourcecode.c.h; fileEncoding = 30; name = ofxUISpacer.h; path = ../../of_v0073_osx_release/addons/ofxUI/src/ofxUISpacer.h; sourceTree = SOURCE_ROOT; };
		9042b2402f3cea58097dcb529f0ae47c /* OscPrintReceivedElements.cpp */ = {isa = PBXFileReference; explicitFileType = sourcecode.cpp.cpp; fileEncoding = 30; name = OscPrintReceivedElements.cpp; path = ../../of_v0073_osx_release/addons/ofxOsc/libs/oscpack/src/osc/OscPrintReceivedElements.cpp; sourceTree = SOURCE_ROOT; };
		93ba009026307429b5a9ddff268d4e11 /* ofxUIWaveform.h */ = {isa = PBXFileReference; explicitFileType = sourcecode.c.h; fileEncoding = 30; name = ofxUIWaveform.h; path = ../../of_v0073_osx_release/addons/ofxUI/src/ofxUIWaveform.h; sourceTree = SOURCE_ROOT; };
		94310be33380fb0e21b78452d4226846 /* svgtiny_internal.h */ = {isa = PBXFileReference; explicitFileType = sourcecode.c.h; fileEncoding = 30; name = svgtiny_internal.h; path = ../../of_v0073_osx_release/addons/ofxSvg/libs/svgTiny/src/svgtiny_internal.h; sourceTree = SOURCE_ROOT; };
		96a24086ff0e0f247498d95fd3098282 /* ofxUIButton.h */ = {isa = PBXFileReference; explicitFileType = sourcecode.c.h; fileEncoding = 30; name = ofxUIButton.h; path = ../../of_v0073_osx_release/addons/ofxUI/src/ofxUIButton.h; sourceTree = SOURCE_ROOT; };
		96c52bc2e33fafcd15fef29971ef483b /* ofxUIImageButton.h */ = {isa = PBXFileReference; explicitFileType = sourcecode.c.h; fileEncoding = 30; name = ofxUIImageButton.h; path = ../../of_v0073_osx_release/addons/ofxUI/src/ofxUIImageButton.h; sourceTree = SOURCE_ROOT; };
		98cf1bc1fbfdfb810a5d34fe9ec1764e /* UdpSocketWin.cpp */ = {isa = PBXFileReference; explicitFileType = sourcecode.cpp.cpp; fileEncoding = 30; name = UdpSocketWin.cpp; path = ../../of_v0073_osx_release/addons/ofxOsc/libs/oscpack/src/ip/win32/UdpSocketWin.cpp; sourceTree = SOURCE_ROOT; };
		9b344c6f8755bf0eed5a25d2ed8bf5a2 /* ofxTCPClient.h */ = {isa = PBXFileReference; explicitFileType = sourcecode.c.h; fileEncoding = 30; name = ofxTCPClient.h; path = ../../of_v0073_osx_release/addons/ofxNetwork/src/ofxTCPClient.h; sourceTree = SOURCE_ROOT; };
		9bcd4fc2562d87cbc5f58bab66ff16dc /* TimerListener.h */ = {isa = PBXFileReference; explicitFileType = sourcecode.c.h; fileEncoding = 30; name = TimerListener.h; path = ../../of_v0073_osx_release/addons/ofxOsc/libs/oscpack/src/ip/TimerListener.h; sourceTree = SOURCE_ROOT; };
		BBAB23BE13894E4700AA2426 /* GLUT.framework */ = {isa = PBXFileReference; lastKnownFileType = wrapper.framework; name = GLUT.framework; path = ../../of_v0073_osx_release/libs/glut/lib/osx/GLUT.framework; sourceTree = "<group>"; };
		E4328143138ABC890047C5CB /* openFrameworksLib.xcodeproj */ = {isa = PBXFileReference; lastKnownFileType = "wrapper.pb-project"; name = openFrameworksLib.xcodeproj; path = ../../of_v0073_osx_release/libs/openFrameworksCompiled/project/osx/openFrameworksLib.xcodeproj; sourceTree = SOURCE_ROOT; };
		E45BE9710E8CC7DD009D7055 /* AGL.framework */ = {isa = PBXFileReference; lastKnownFileType = wrapper.framework; name = AGL.framework; path = /System/Library/Frameworks/AGL.framework; sourceTree = "<absolute>"; };
		E45BE9720E8CC7DD009D7055 /* ApplicationServices.framework */ = {isa = PBXFileReference; lastKnownFileType = wrapper.framework; name = ApplicationServices.framework; path = /System/Library/Frameworks/ApplicationServices.framework; sourceTree = "<absolute>"; };
		E45BE9730E8CC7DD009D7055 /* AudioToolbox.framework */ = {isa = PBXFileReference; lastKnownFileType = wrapper.framework; name = AudioToolbox.framework; path = /System/Library/Frameworks/AudioToolbox.framework; sourceTree = "<absolute>"; };
		E45BE9740E8CC7DD009D7055 /* Carbon.framework */ = {isa = PBXFileReference; lastKnownFileType = wrapper.framework; name = Carbon.framework; path = /System/Library/Frameworks/Carbon.framework; sourceTree = "<absolute>"; };
		E45BE9750E8CC7DD009D7055 /* CoreAudio.framework */ = {isa = PBXFileReference; lastKnownFileType = wrapper.framework; name = CoreAudio.framework; path = /System/Library/Frameworks/CoreAudio.framework; sourceTree = "<absolute>"; };
		E45BE9760E8CC7DD009D7055 /* CoreFoundation.framework */ = {isa = PBXFileReference; lastKnownFileType = wrapper.framework; name = CoreFoundation.framework; path = /System/Library/Frameworks/CoreFoundation.framework; sourceTree = "<absolute>"; };
		E45BE9770E8CC7DD009D7055 /* CoreServices.framework */ = {isa = PBXFileReference; lastKnownFileType = wrapper.framework; name = CoreServices.framework; path = /System/Library/Frameworks/CoreServices.framework; sourceTree = "<absolute>"; };
		E45BE9790E8CC7DD009D7055 /* OpenGL.framework */ = {isa = PBXFileReference; lastKnownFileType = wrapper.framework; name = OpenGL.framework; path = /System/Library/Frameworks/OpenGL.framework; sourceTree = "<absolute>"; };
		E45BE97A0E8CC7DD009D7055 /* QuickTime.framework */ = {isa = PBXFileReference; lastKnownFileType = wrapper.framework; name = QuickTime.framework; path = /System/Library/Frameworks/QuickTime.framework; sourceTree = "<absolute>"; };
		E4B69B5B0A3A1756003C02F2 /* ofMapDebug.app */ = {isa = PBXFileReference; explicitFileType = wrapper.application; includeInIndex = 0; path = ofMapDebug.app; sourceTree = BUILT_PRODUCTS_DIR; };
		E4B6FCAD0C3E899E008CF71C /* openFrameworks-Info.plist */ = {isa = PBXFileReference; fileEncoding = 30; lastKnownFileType = text.plist.xml; path = "openFrameworks-Info.plist"; sourceTree = "<group>"; };
		E4C2424410CC5A17004149E2 /* AppKit.framework */ = {isa = PBXFileReference; lastKnownFileType = wrapper.framework; name = AppKit.framework; path = /System/Library/Frameworks/AppKit.framework; sourceTree = "<absolute>"; };
		E4C2424510CC5A17004149E2 /* Cocoa.framework */ = {isa = PBXFileReference; lastKnownFileType = wrapper.framework; name = Cocoa.framework; path = /System/Library/Frameworks/Cocoa.framework; sourceTree = "<absolute>"; };
		E4C2424610CC5A17004149E2 /* IOKit.framework */ = {isa = PBXFileReference; lastKnownFileType = wrapper.framework; name = IOKit.framework; path = /System/Library/Frameworks/IOKit.framework; sourceTree = "<absolute>"; };
		E4EB691F138AFCF100A09F29 /* CoreOF.xcconfig */ = {isa = PBXFileReference; fileEncoding = 4; lastKnownFileType = text.xcconfig; name = CoreOF.xcconfig; path = ../../of_v0073_osx_release/libs/openFrameworksCompiled/project/osx/CoreOF.xcconfig; sourceTree = SOURCE_ROOT; };
		E4EB6923138AFD0F00A09F29 /* Project.xcconfig */ = {isa = PBXFileReference; fileEncoding = 4; lastKnownFileType = text.xcconfig; path = Project.xcconfig; sourceTree = "<group>"; };
		E7E077E415D3B63C0020DFD4 /* CoreVideo.framework */ = {isa = PBXFileReference; lastKnownFileType = wrapper.framework; name = CoreVideo.framework; path = /System/Library/Frameworks/CoreVideo.framework; sourceTree = "<absolute>"; };
		E7E077E715D3B6510020DFD4 /* QTKit.framework */ = {isa = PBXFileReference; lastKnownFileType = wrapper.framework; name = QTKit.framework; path = /System/Library/Frameworks/QTKit.framework; sourceTree = "<absolute>"; };
		E7F985F515E0DE99003869B5 /* Accelerate.framework */ = {isa = PBXFileReference; lastKnownFileType = wrapper.framework; name = Accelerate.framework; path = /System/Library/Frameworks/Accelerate.framework; sourceTree = "<absolute>"; };
		a1f030300e2e33b478dd59793c2a7446 /* ofxNetworkUtils.h */ = {isa = PBXFileReference; explicitFileType = sourcecode.c.h; fileEncoding = 30; name = ofxNetworkUtils.h; path = ../../of_v0073_osx_release/addons/ofxNetwork/src/ofxNetworkUtils.h; sourceTree = SOURCE_ROOT; };
		a5d2064d3b4a70f3597972abc10515a3 /* UdpSocket.h */ = {isa = PBXFileReference; explicitFileType = sourcecode.c.h; fileEncoding = 30; name = UdpSocket.h; path = ../../of_v0073_osx_release/addons/ofxOsc/libs/oscpack/src/ip/UdpSocket.h; sourceTree = SOURCE_ROOT; };
		ad62d395df5cbc31d1caa5212440e54b /* ofxOscSender.h */ = {isa = PBXFileReference; explicitFileType = sourcecode.c.h; fileEncoding = 30; name = ofxOscSender.h; path = ../../of_v0073_osx_release/addons/ofxOsc/src/ofxOscSender.h; sourceTree = SOURCE_ROOT; };
		ad80b5f2f700e9fb6d7ffc9c447f7b2f /* ofxNetwork.h */ = {isa = PBXFileReference; explicitFileType = sourcecode.c.h; fileEncoding = 30; name = ofxNetwork.h; path = ../../of_v0073_osx_release/addons/ofxNetwork/src/ofxNetwork.h; sourceTree = SOURCE_ROOT; };
		b2e513ad7ef941de0f6498cc74915dfa /* ofxUIRectangle.h */ = {isa = PBXFileReference; explicitFileType = sourcecode.c.h; fileEncoding = 30; name = ofxUIRectangle.h; path = ../../of_v0073_osx_release/addons/ofxUI/src/ofxUIRectangle.h; sourceTree = SOURCE_ROOT; };
		b53c50c8e6e7061a331ec50ecceea8ed /* ofxUI.h */ = {isa = PBXFileReference; explicitFileType = sourcecode.c.h; fileEncoding = 30; name = ofxUI.h; path = ../../of_v0073_osx_release/addons/ofxUI/src/ofxUI.h; sourceTree = SOURCE_ROOT; };
		b5b6d27576c0d6e79e2b5f86a45fe239 /* ofxUIImageSlider.h */ = {isa = PBXFileReference; explicitFileType = sourcecode.c.h; fileEncoding = 30; name = ofxUIImageSlider.h; path = ../../of_v0073_osx_release/addons/ofxUI/src/ofxUIImageSlider.h; sourceTree = SOURCE_ROOT; };
		b7a4c2c26f03ac3615eb383278a0f208 /* ofxTCPClient.cpp */ = {isa = PBXFileReference; explicitFileType = sourcecode.cpp.cpp; fileEncoding = 30; name = ofxTCPClient.cpp; path = ../../of_v0073_osx_release/addons/ofxNetwork/src/ofxTCPClient.cpp; sourceTree = SOURCE_ROOT; };
		b7b27c672ef262e787db2ebb7767c8ff /* ofxOscArg.h */ = {isa = PBXFileReference; explicitFileType = sourcecode.c.h; fileEncoding = 30; name = ofxOscArg.h; path = ../../of_v0073_osx_release/addons/ofxOsc/src/ofxOscArg.h; sourceTree = SOURCE_ROOT; };
		b9466b1b45ac9ccf6d71147f5548c74c /* ofxUIFPS.h */ = {isa = PBXFileReference; explicitFileType = sourcecode.c.h; fileEncoding = 30; name = ofxUIFPS.h; path = ../../of_v0073_osx_release/addons/ofxUI/src/ofxUIFPS.h; sourceTree = SOURCE_ROOT; };
		c0da957413f62e109846da33a16b5c2f /* OscOutboundPacketStream.cpp */ = {isa = PBXFileReference; explicitFileType = sourcecode.cpp.cpp; fileEncoding = 30; name = OscOutboundPacketStream.cpp; path = ../../of_v0073_osx_release/addons/ofxOsc/libs/oscpack/src/osc/OscOutboundPacketStream.cpp; sourceTree = SOURCE_ROOT; };
		c0f37a2b9df40e0144b2733b717b32e9 /* ofxTCPManager.cpp */ = {isa = PBXFileReference; explicitFileType = sourcecode.cpp.cpp; fileEncoding = 30; name = ofxTCPManager.cpp; path = ../../of_v0073_osx_release/addons/ofxNetwork/src/ofxTCPManager.cpp; sourceTree = SOURCE_ROOT; };
		c0f8fbcbff8506714e2df40eb8888599 /* ofxUIImageSampler.h */ = {isa = PBXFileReference; explicitFileType = sourcecode.c.h; fileEncoding = 30; name = ofxUIImageSampler.h; path = ../../of_v0073_osx_release/addons/ofxUI/src/ofxUIImageSampler.h; sourceTree = SOURCE_ROOT; };
		c1d7d2114911432bf8d6c077f35bf084 /* ofxTCPServer.cpp */ = {isa = PBXFileReference; explicitFileType = sourcecode.cpp.cpp; fileEncoding = 30; name = ofxTCPServer.cpp; path = ../../of_v0073_osx_release/addons/ofxNetwork/src/ofxTCPServer.cpp; sourceTree = SOURCE_ROOT; };
		c21edaf4dc0870fa80a08426fec7c476 /* OscOutboundPacketStream.h */ = {isa = PBXFileReference; explicitFileType = sourcecode.c.h; fileEncoding = 30; name = OscOutboundPacketStream.h; path = ../../of_v0073_osx_release/addons/ofxOsc/libs/oscpack/src/osc/OscOutboundPacketStream.h; sourceTree = SOURCE_ROOT; };
		c54dc7a5c30cb956123a88cc294b91ab /* UdpSocket.cpp */ = {isa = PBXFileReference; explicitFileType = sourcecode.cpp.cpp; fileEncoding = 30; name = UdpSocket.cpp; path = ../../of_v0073_osx_release/addons/ofxOsc/libs/oscpack/src/ip/posix/UdpSocket.cpp; sourceTree = SOURCE_ROOT; };
		caf808aa86fcb54b10523da5ea3e567d /* ofxUILabelButton.h */ = {isa = PBXFileReference; explicitFileType = sourcecode.c.h; fileEncoding = 30; name = ofxUILabelButton.h; path = ../../of_v0073_osx_release/addons/ofxUI/src/ofxUILabelButton.h; sourceTree = SOURCE_ROOT; };
		cbeab120171fae7634a3334855749541 /* ofxUIToggleMatrix.h */ = {isa = PBXFileReference; explicitFileType = sourcecode.c.h; fileEncoding = 30; name = ofxUIToggleMatrix.h; path = ../../of_v0073_osx_release/addons/ofxUI/src/ofxUIToggleMatrix.h; sourceTree = SOURCE_ROOT; };
		cfad9836d067f46db755159d3e8c495a /* OscPrintReceivedElements.h */ = {isa = PBXFileReference; explicitFileType = sourcecode.c.h; fileEncoding = 30; name = OscPrintReceivedElements.h; path = ../../of_v0073_osx_release/addons/ofxOsc/libs/oscpack/src/osc/OscPrintReceivedElements.h; sourceTree = SOURCE_ROOT; };
		d12f6f0c10806ed8ef477723a8f6be8f /* ofxOscSender.cpp */ = {isa = PBXFileReference; explicitFileType = sourcecode.cpp.cpp; fileEncoding = 30; name = ofxOscSender.cpp; path = ../../of_v0073_osx_release/addons/ofxOsc/src/ofxOscSender.cpp; sourceTree = SOURCE_ROOT; };
		d388000d0a38f0c9776f5d582009ace7 /* ofxOsc.h */ = {isa = PBXFileReference; explicitFileType = sourcecode.c.h; fileEncoding = 30; name = ofxOsc.h; path = ../../of_v0073_osx_release/addons/ofxOsc/src/ofxOsc.h; sourceTree = SOURCE_ROOT; };
		dee3bc1a9d1cdd20558fe1261030e80c /* ofxSVG.cpp */ = {isa = PBXFileReference; explicitFileType = sourcecode.cpp.cpp; fileEncoding = 30; name = ofxSVG.cpp; path = ../../of_v0073_osx_release/addons/ofxSvg/src/ofxSVG.cpp; sourceTree = SOURCE_ROOT; };
		e36359fcbf0dc3d4c3f343ec2774387e /* ofxUIMultiImageSlider.h */ = {isa = PBXFileReference; explicitFileType = sourcecode.c.h; fileEncoding = 30; name = ofxUIMultiImageSlider.h; path = ../../of_v0073_osx_release/addons/ofxUI/src/ofxUIMultiImageSlider.h; sourceTree = SOURCE_ROOT; };
		e40056ddf2da9f9cd6f1ceefe312ed21 /* ofxUIDropDownList.h */ = {isa = PBXFileReference; explicitFileType = sourcecode.c.h; fileEncoding = 30; name = ofxUIDropDownList.h; path = ../../of_v0073_osx_release/addons/ofxUI/src/ofxUIDropDownList.h; sourceTree = SOURCE_ROOT; };
		e51d3f393626525cb97275aaa35bdcf6 /* OscTypes.cpp */ = {isa = PBXFileReference; explicitFileType = sourcecode.cpp.cpp; fileEncoding = 30; name = OscTypes.cpp; path = ../../of_v0073_osx_release/addons/ofxOsc/libs/oscpack/src/osc/OscTypes.cpp; sourceTree = SOURCE_ROOT; };
		e55fb2e81b197cf574a4c1676280e369 /* ofxUITextInput.h */ = {isa = PBXFileReference; explicitFileType = sourcecode.c.h; fileEncoding = 30; name = ofxUITextInput.h; path = ../../of_v0073_osx_release/addons/ofxUI/src/ofxUITextInput.h; sourceTree = SOURCE_ROOT; };
		e565f24f14f2aa58b8536b05b5a40078 /* ofxUI2DPad.h */ = {isa = PBXFileReference; explicitFileType = sourcecode.c.h; fileEncoding = 30; name = ofxUI2DPad.h; path = ../../of_v0073_osx_release/addons/ofxUI/src/ofxUI2DPad.h; sourceTree = SOURCE_ROOT; };
		ef534f34367a1e9c59ff654a12449f98 /* ofxUIRangeSlider.h */ = {isa = PBXFileReference; explicitFileType = sourcecode.c.h; fileEncoding = 30; name = ofxUIRangeSlider.h; path = ../../of_v0073_osx_release/addons/ofxUI/src/ofxUIRangeSlider.h; sourceTree = SOURCE_ROOT; };
		f194dfebcc706b28428804b9ec8ec276 /* NetworkingUtils.h */ = {isa = PBXFileReference; explicitFileType = sourcecode.c.h; fileEncoding = 30; name = NetworkingUtils.h; path = ../../of_v0073_osx_release/addons/ofxOsc/libs/oscpack/src/ip/NetworkingUtils.h; sourceTree = SOURCE_ROOT; };
		f22edbb9ed7a17733045902f8495685c /* ofxUICircleSlider.h */ = {isa = PBXFileReference; explicitFileType = sourcecode.c.h; fileEncoding = 30; name = ofxUICircleSlider.h; path = ../../of_v0073_osx_release/addons/ofxUI/src/ofxUICircleSlider.h; sourceTree = SOURCE_ROOT; };
		f2f24f34be1169ae898f0abaabad27f7 /* ofxOscMessage.h */ = {isa = PBXFileReference; explicitFileType = sourcecode.c.h; fileEncoding = 30; name = ofxOscMessage.h; path = ../../of_v0073_osx_release/addons/ofxOsc/src/ofxOscMessage.h; sourceTree = SOURCE_ROOT; };
		f705a8ae52e25e822d1877f59eecee81 /* ofxUILabelToggle.h */ = {isa = PBXFileReference; explicitFileType = sourcecode.c.h; fileEncoding = 30; name = ofxUILabelToggle.h; path = ../../of_v0073_osx_release/addons/ofxUI/src/ofxUILabelToggle.h; sourceTree = SOURCE_ROOT; };
		f715d2d2833b0f5a3c8eeba62879300f /* ofxUINumberDialer.h */ = {isa = PBXFileReference; explicitFileType = sourcecode.c.h; fileEncoding = 30; name = ofxUINumberDialer.h; path = ../../of_v0073_osx_release/addons/ofxUI/src/ofxUINumberDialer.h; sourceTree = SOURCE_ROOT; };
		fb480e9b3d3b4e53a439af3374021eaf /* OscReceivedElements.cpp */ = {isa = PBXFileReference; explicitFileType = sourcecode.cpp.cpp; fileEncoding = 30; name = OscReceivedElements.cpp; path = ../../of_v0073_osx_release/addons/ofxOsc/libs/oscpack/src/osc/OscReceivedElements.cpp; sourceTree = SOURCE_ROOT; };
		fb6ab765572238c6c4e6e25c1e6827f8 /* src_colors.cpp */ = {isa = PBXFileReference; explicitFileType = sourcecode.cpp.cpp; fileEncoding = 30; name = src_colors.cpp; path = ../../of_v0073_osx_release/addons/ofxSvg/libs/svgTiny/src/src_colors.cpp; sourceTree = SOURCE_ROOT; };
		fd0ada2f9c516ce78703847a6ec5b5c9 /* ofxUIRotarySlider.h */ = {isa = PBXFileReference; explicitFileType = sourcecode.c.h; fileEncoding = 30; name = ofxUIRotarySlider.h; path = ../../of_v0073_osx_release/addons/ofxUI/src/ofxUIRotarySlider.h; sourceTree = SOURCE_ROOT; };
		fd72192577e8ca20ca9964a63f4fe223 /* svgtiny_gradient.cpp */ = {isa = PBXFileReference; explicitFileType = sourcecode.cpp.cpp; fileEncoding = 30; name = svgtiny_gradient.cpp; path = ../../of_v0073_osx_release/addons/ofxSvg/libs/svgTiny/src/svgtiny_gradient.cpp; sourceTree = SOURCE_ROOT; };
		ff4117ed5118c8e53fee0346bf8509af /* ofxUDPManager.cpp */ = {isa = PBXFileReference; explicitFileType = sourcecode.cpp.cpp; fileEncoding = 30; name = ofxUDPManager.cpp; path = ../../of_v0073_osx_release/addons/ofxNetwork/src/ofxUDPManager.cpp; sourceTree = SOURCE_ROOT; };
		ffc4f04972d47dd984175354af91c320 /* ofxUDPManager.h */ = {isa = PBXFileReference; explicitFileType = sourcecode.c.h; fileEncoding = 30; name = ofxUDPManager.h; path = ../../of_v0073_osx_release/addons/ofxNetwork/src/ofxUDPManager.h; sourceTree = SOURCE_ROOT; };
/* End PBXFileReference section */

/* Begin PBXFrameworksBuildPhase section */
		E4B69B590A3A1756003C02F2 /* Frameworks */ = {
			isa = PBXFrameworksBuildPhase;
			buildActionMask = 2147483647;
			files = (
				E7F985F815E0DEA3003869B5 /* Accelerate.framework in Frameworks */,
				E7E077E815D3B6510020DFD4 /* QTKit.framework in Frameworks */,
				E4EB6799138ADC1D00A09F29 /* GLUT.framework in Frameworks */,
				E4328149138ABC9F0047C5CB /* openFrameworksDebug.a in Frameworks */,
				E45BE97B0E8CC7DD009D7055 /* AGL.framework in Frameworks */,
				E45BE97C0E8CC7DD009D7055 /* ApplicationServices.framework in Frameworks */,
				E45BE97D0E8CC7DD009D7055 /* AudioToolbox.framework in Frameworks */,
				E45BE97E0E8CC7DD009D7055 /* Carbon.framework in Frameworks */,
				E45BE97F0E8CC7DD009D7055 /* CoreAudio.framework in Frameworks */,
				E45BE9800E8CC7DD009D7055 /* CoreFoundation.framework in Frameworks */,
				E45BE9810E8CC7DD009D7055 /* CoreServices.framework in Frameworks */,
				E45BE9830E8CC7DD009D7055 /* OpenGL.framework in Frameworks */,
				E45BE9840E8CC7DD009D7055 /* QuickTime.framework in Frameworks */,
				E4C2424710CC5A17004149E2 /* AppKit.framework in Frameworks */,
				E4C2424810CC5A17004149E2 /* Cocoa.framework in Frameworks */,
				E4C2424910CC5A17004149E2 /* IOKit.framework in Frameworks */,
				E7E077E515D3B63C0020DFD4 /* CoreVideo.framework in Frameworks */,
			);
			runOnlyForDeploymentPostprocessing = 0;
		};
/* End PBXFrameworksBuildPhase section */

/* Begin PBXGroup section */
		024F8F7D16BC7B0E0082D051 /* src */ = {
			isa = PBXGroup;
			children = (
				02E479511708B64A009691CB /* AppController */,
				024F8F8016BC7B0E0082D051 /* geometry.h */,
				024F8F8116BC7B0E0082D051 /* GEVisualizer.cpp */,
				021DF7AF16F90CE700569C6A /* GEVisualizerFakeData.cpp */,
				02A17D9316F228C7005AB17D /* SkeletonRenderer.cpp */,
				02A17D9416F228C7005AB17D /* SkeletonRenderer.h */,
				024F8F8216BC7B0E0082D051 /* GEVisualizer.h */,
				024F8F8316BC7B0E0082D051 /* Layout.cpp */,
				024F8F8416BC7B0E0082D051 /* Layout.h */,
				024F8F8516BC7B0E0082D051 /* LayoutRenderer.cpp */,
				024F8F8616BC7B0E0082D051 /* LayoutRenderer.h */,
				024F8F8716BC7B0E0082D051 /* LocationData.h */,
				024F8F8816BC7B0E0082D051 /* main.cpp */,
				024F8FAD16BC7B0E0082D051 /* TimeEvent.h */,
				024F8FAE16BC7B0E0082D051 /* XMLReader */,
			);
			path = src;
			sourceTree = "<group>";
		};
		024F8FAE16BC7B0E0082D051 /* XMLReader */ = {
			isa = PBXGroup;
			children = (
				024F8FAF16BC7B0E0082D051 /* tinyxml.cpp */,
				024F8FB016BC7B0E0082D051 /* tinyxml.h */,
				024F8FB116BC7B0E0082D051 /* tinyxmlerror.cpp */,
				024F8FB216BC7B0E0082D051 /* tinyxmlparser.cpp */,
			);
			path = XMLReader;
			sourceTree = "<group>";
		};
		02E479511708B64A009691CB /* AppController */ = {
			isa = PBXGroup;
			children = (
				02E479581708B64A009691CB /* LayoutApp.cpp */,
				02E479591708B64A009691CB /* LayoutApp.h */,
				02E4795B1708B64A009691CB /* ViewApp.h */,
				02E4795C1708B64A009691CB /* ViewAppBase.h */,
				02E4795D1708B64A009691CB /* ViewControllerApp.h */,
			);
			path = AppController;
			sourceTree = "<group>";
		};
		18240ecce4076fb0833a8578697ffa74 /* ofxNetwork */ = {
			isa = PBXGroup;
			children = (
				219374a14594d121f27fed3ad6c1f2da /* src */,
			);
			name = ofxNetwork;
			sourceTree = "<group>";
		};
		219374a14594d121f27fed3ad6c1f2da /* src */ = {
			isa = PBXGroup;
			children = (
				ad80b5f2f700e9fb6d7ffc9c447f7b2f /* ofxNetwork.h */,
				a1f030300e2e33b478dd59793c2a7446 /* ofxNetworkUtils.h */,
				b7a4c2c26f03ac3615eb383278a0f208 /* ofxTCPClient.cpp */,
				9b344c6f8755bf0eed5a25d2ed8bf5a2 /* ofxTCPClient.h */,
				c0f37a2b9df40e0144b2733b717b32e9 /* ofxTCPManager.cpp */,
				14d5a0d9316732046ccefe1791ccc1c2 /* ofxTCPManager.h */,
				c1d7d2114911432bf8d6c077f35bf084 /* ofxTCPServer.cpp */,
				0b6bff1500442966072b95c0db828c82 /* ofxTCPServer.h */,
				ff4117ed5118c8e53fee0346bf8509af /* ofxUDPManager.cpp */,
				ffc4f04972d47dd984175354af91c320 /* ofxUDPManager.h */,
			);
			name = src;
			sourceTree = "<group>";
		};
		30cb364908817057b430d52805394cbc /* osc */ = {
			isa = PBXGroup;
			children = (
				874fc231d3e9d277457193b0da05a431 /* MessageMappingOscPacketListener.h */,
				739b2726590f3ccda060073734871ac6 /* OscException.h */,
				04d4d13c8a2c92432a92a0d66267690a /* OscHostEndianness.h */,
				c0da957413f62e109846da33a16b5c2f /* OscOutboundPacketStream.cpp */,
				c21edaf4dc0870fa80a08426fec7c476 /* OscOutboundPacketStream.h */,
				192f62a6b3f97900aba3a53375cc1b05 /* OscPacketListener.h */,
				9042b2402f3cea58097dcb529f0ae47c /* OscPrintReceivedElements.cpp */,
				cfad9836d067f46db755159d3e8c495a /* OscPrintReceivedElements.h */,
				fb480e9b3d3b4e53a439af3374021eaf /* OscReceivedElements.cpp */,
				2bfd3f4a89dff9b63275d9e18d7ec30c /* OscReceivedElements.h */,
				e51d3f393626525cb97275aaa35bdcf6 /* OscTypes.cpp */,
				503ca9ff0ea3488e20bfa3e88e72b30b /* OscTypes.h */,
			);
			name = osc;
			sourceTree = "<group>";
		};
		31941bac71b339f7a3e32124289fa076 /* svgTiny */ = {
			isa = PBXGroup;
			children = (
				5ce3b297cdc4075d3d2398c5a213707a /* src */,
			);
			name = svgTiny;
			sourceTree = "<group>";
		};
		38871a5825686ae018ec2bf0e450fdae /* libs */ = {
			isa = PBXGroup;
			children = (
				86d2677079a3af4a5a88e29a7243e442 /* oscpack */,
			);
			name = libs;
			sourceTree = "<group>";
		};
		5ce3b297cdc4075d3d2398c5a213707a /* src */ = {
			isa = PBXGroup;
			children = (
				fb6ab765572238c6c4e6e25c1e6827f8 /* src_colors.cpp */,
				8b71869552d144a2eaa45b2413328254 /* svgtiny.cpp */,
				6597175fd66f782d81e23d2be81d77c5 /* svgtiny.h */,
				fd72192577e8ca20ca9964a63f4fe223 /* svgtiny_gradient.cpp */,
				94310be33380fb0e21b78452d4226846 /* svgtiny_internal.h */,
				02d71117fa557eae2252a7f8696299e1 /* svgtiny_list.cpp */,
			);
			name = src;
			sourceTree = "<group>";
		};
		641362ca659fafee4e81001be7d8d43c /* posix */ = {
			isa = PBXGroup;
			children = (
				594d59b14e311ea295e3507ecd48bf1a /* NetworkingUtils.cpp */,
				c54dc7a5c30cb956123a88cc294b91ab /* UdpSocket.cpp */,
			);
			name = posix;
			sourceTree = "<group>";
		};
		86d2677079a3af4a5a88e29a7243e442 /* oscpack */ = {
			isa = PBXGroup;
			children = (
				d27b2221a225ca523c01967633d9bd60 /* src */,
			);
			name = oscpack;
			sourceTree = "<group>";
		};
		BB4B014C10F69532006C3DED /* addons */ = {
			isa = PBXGroup;
			children = (
				18240ecce4076fb0833a8578697ffa74 /* ofxNetwork */,
				e6053ab7fec63d5f83825b880ce53c41 /* ofxOsc */,
				f5f1f1ef8441e64fd46f07c86bfc7ba6 /* ofxSvg */,
				a492ce86424ab8905550bfd831201a16 /* ofxUI */,
			);
			name = addons;
			sourceTree = "<group>";
		};
		BBAB23C913894ECA00AA2426 /* system frameworks */ = {
			isa = PBXGroup;
			children = (
				E7F985F515E0DE99003869B5 /* Accelerate.framework */,
				E4C2424410CC5A17004149E2 /* AppKit.framework */,
				E4C2424510CC5A17004149E2 /* Cocoa.framework */,
				E4C2424610CC5A17004149E2 /* IOKit.framework */,
				E45BE9710E8CC7DD009D7055 /* AGL.framework */,
				E45BE9720E8CC7DD009D7055 /* ApplicationServices.framework */,
				E45BE9730E8CC7DD009D7055 /* AudioToolbox.framework */,
				E45BE9740E8CC7DD009D7055 /* Carbon.framework */,
				E45BE9750E8CC7DD009D7055 /* CoreAudio.framework */,
				E45BE9760E8CC7DD009D7055 /* CoreFoundation.framework */,
				E45BE9770E8CC7DD009D7055 /* CoreServices.framework */,
				E45BE9790E8CC7DD009D7055 /* OpenGL.framework */,
				E45BE97A0E8CC7DD009D7055 /* QuickTime.framework */,
				E7E077E415D3B63C0020DFD4 /* CoreVideo.framework */,
				E7E077E715D3B6510020DFD4 /* QTKit.framework */,
			);
			name = "system frameworks";
			sourceTree = "<group>";
		};
		BBAB23CA13894EDB00AA2426 /* 3rd party frameworks */ = {
			isa = PBXGroup;
			children = (
				BBAB23BE13894E4700AA2426 /* GLUT.framework */,
			);
			name = "3rd party frameworks";
			sourceTree = "<group>";
		};
		E4328144138ABC890047C5CB /* Products */ = {
			isa = PBXGroup;
			children = (
				E4328148138ABC890047C5CB /* openFrameworksDebug.a */,
			);
			name = Products;
			sourceTree = "<group>";
		};
		E45BE5980E8CC70C009D7055 /* frameworks */ = {
			isa = PBXGroup;
			children = (
				BBAB23CA13894EDB00AA2426 /* 3rd party frameworks */,
				BBAB23C913894ECA00AA2426 /* system frameworks */,
			);
			name = frameworks;
			sourceTree = "<group>";
		};
		E4B69B4A0A3A1720003C02F2 = {
			isa = PBXGroup;
			children = (
				02E479621708FC5F009691CB /* ProxyManyApp.h */,
				E4B6FCAD0C3E899E008CF71C /* openFrameworks-Info.plist */,
				E4EB6923138AFD0F00A09F29 /* Project.xcconfig */,
				024F8F7D16BC7B0E0082D051 /* src */,
				E4EEC9E9138DF44700A80321 /* openFrameworks */,
				BB4B014C10F69532006C3DED /* addons */,
				E45BE5980E8CC70C009D7055 /* frameworks */,
				E4B69B5B0A3A1756003C02F2 /* ofMapDebug.app */,
			);
			sourceTree = "<group>";
		};
		E4EEC9E9138DF44700A80321 /* openFrameworks */ = {
			isa = PBXGroup;
			children = (
				E4EB691F138AFCF100A09F29 /* CoreOF.xcconfig */,
				E4328143138ABC890047C5CB /* openFrameworksLib.xcodeproj */,
			);
			name = openFrameworks;
			sourceTree = "<group>";
		};
		a492ce86424ab8905550bfd831201a16 /* ofxUI */ = {
			isa = PBXGroup;
			children = (
				d60f85fe32e11f4003b80627506496ad /* src */,
			);
			name = ofxUI;
			sourceTree = "<group>";
		};
		ba6760ac87647dd61a92bd416dbd7a9c /* win32 */ = {
			isa = PBXGroup;
			children = (
				4d90e9c11dbf2dd07fd41afa6bb4e27a /* NetworkingUtilsWin.cpp */,
				98cf1bc1fbfdfb810a5d34fe9ec1764e /* UdpSocketWin.cpp */,
			);
			name = win32;
			sourceTree = "<group>";
		};
		bd2f1a9f8d0c05edb29122d00a67c2a2 /* src */ = {
			isa = PBXGroup;
			children = (
				d388000d0a38f0c9776f5d582009ace7 /* ofxOsc.h */,
				b7b27c672ef262e787db2ebb7767c8ff /* ofxOscArg.h */,
				3936412f85354258d9592ee93a2b060a /* ofxOscBundle.cpp */,
				04ab4b6de84bc5aba00b6a8716c6705a /* ofxOscBundle.h */,
				7bf84945283dd4d8a633536124b91ec3 /* ofxOscMessage.cpp */,
				f2f24f34be1169ae898f0abaabad27f7 /* ofxOscMessage.h */,
				3c60e5c41705c91753124702f44ba547 /* ofxOscReceiver.cpp */,
				805034d589dd6e682af5c931bf2eb770 /* ofxOscReceiver.h */,
				d12f6f0c10806ed8ef477723a8f6be8f /* ofxOscSender.cpp */,
				ad62d395df5cbc31d1caa5212440e54b /* ofxOscSender.h */,
			);
			name = src;
			sourceTree = "<group>";
		};
		bf0bf2682b4f1c8b2d7a515b1b7a20a7 /* libs */ = {
			isa = PBXGroup;
			children = (
				31941bac71b339f7a3e32124289fa076 /* svgTiny */,
			);
			name = libs;
			sourceTree = "<group>";
		};
		d27b2221a225ca523c01967633d9bd60 /* src */ = {
			isa = PBXGroup;
			children = (
				ff8cdf57858e9b94e3237115f4d7aa09 /* ip */,
				30cb364908817057b430d52805394cbc /* osc */,
			);
			name = src;
			sourceTree = "<group>";
		};
		d60f85fe32e11f4003b80627506496ad /* src */ = {
			isa = PBXGroup;
			children = (
				b53c50c8e6e7061a331ec50ecceea8ed /* ofxUI.h */,
				e565f24f14f2aa58b8536b05b5a40078 /* ofxUI2DPad.h */,
				4d6a3d7503e683824cb7986c7c9de23b /* ofxUIBaseDraws.h */,
				54317fc79d63b4d8377ea759be175149 /* ofxUIBiLabelSlider.h */,
				96a24086ff0e0f247498d95fd3098282 /* ofxUIButton.h */,
				55f38e8f1b8ac485f6b54b13c5ef3d1f /* ofxUICanvas.h */,
				f22edbb9ed7a17733045902f8495685c /* ofxUICircleSlider.h */,
				43cfe4840db213b36b4f2ba2ef2cbe62 /* ofxUICustomImageButton.h */,
				e40056ddf2da9f9cd6f1ceefe312ed21 /* ofxUIDropDownList.h */,
				43a41a75d05f5daeef0d85b579fdec46 /* ofxUIEventArgs.h */,
				b9466b1b45ac9ccf6d71147f5548c74c /* ofxUIFPS.h */,
				675cb588a7ab1017b59aa6ea56737dfd /* ofxUIFPSSlider.h */,
				803c51ba779a7826e568108e7a607af6 /* ofxUIImage.h */,
				96c52bc2e33fafcd15fef29971ef483b /* ofxUIImageButton.h */,
				c0f8fbcbff8506714e2df40eb8888599 /* ofxUIImageSampler.h */,
				b5b6d27576c0d6e79e2b5f86a45fe239 /* ofxUIImageSlider.h */,
				04a0a34fe784bb191a039b40eceb4eff /* ofxUIImageToggle.h */,
				4f068f620f2ccc59cff2a551922923c0 /* ofxUILabel.h */,
				caf808aa86fcb54b10523da5ea3e567d /* ofxUILabelButton.h */,
				f705a8ae52e25e822d1877f59eecee81 /* ofxUILabelToggle.h */,
				0c00790ffea6449b0287432a3f7c9d67 /* ofxUIMinimalSlider.h */,
				1814d445932655418ce329e4ebb5a4d2 /* ofxUIMovingGraph.h */,
				4beb876febdce1cf1318f1ee63de8137 /* ofxUIMultiImageButton.h */,
				e36359fcbf0dc3d4c3f343ec2774387e /* ofxUIMultiImageSlider.h */,
				69b8725b348861e481bc8326eb47799e /* ofxUIMultiImageToggle.h */,
				f715d2d2833b0f5a3c8eeba62879300f /* ofxUINumberDialer.h */,
				0b4b2ae21e19a67753d97f8631929d28 /* ofxUIRadio.h */,
				ef534f34367a1e9c59ff654a12449f98 /* ofxUIRangeSlider.h */,
				b2e513ad7ef941de0f6498cc74915dfa /* ofxUIRectangle.h */,
				fd0ada2f9c516ce78703847a6ec5b5c9 /* ofxUIRotarySlider.h */,
				2d5f8aaf07c55f3d9b22bd4fc4f50706 /* ofxUIScrollableCanvas.h */,
				0a4148e76c5cc34f19855eca9f661436 /* ofxUISlider.h */,
				8baf291185da7a0d78e83f7fe7f2f9a7 /* ofxUISpacer.h */,
				23cf6622298f37ebb0b59ddfe7f38a4e /* ofxUISpectrum.h */,
				5d9d81868302dad60a76dc1817ab98d4 /* ofxUITextArea.h */,
				e55fb2e81b197cf574a4c1676280e369 /* ofxUITextInput.h */,
				70fbfaa45292bf826470b4c3127b8e3a /* ofxUIToggle.h */,
				cbeab120171fae7634a3334855749541 /* ofxUIToggleMatrix.h */,
				93ba009026307429b5a9ddff268d4e11 /* ofxUIWaveform.h */,
				2b216b40f2e2d535dc97e9eb5ed0f25d /* ofxUIWidget.h */,
				1ad2af5dd9582cac37cee3a3be40ca62 /* ofxUIWidgetWithLabel.h */,
			);
			name = src;
			sourceTree = "<group>";
		};
		dbb3ef673ae7e843fd50910dd7a2c927 /* src */ = {
			isa = PBXGroup;
			children = (
				dee3bc1a9d1cdd20558fe1261030e80c /* ofxSVG.cpp */,
				6108c8401ceac08f7e7d514c9cc63ad0 /* ofxSVG.h */,
			);
			name = src;
			sourceTree = "<group>";
		};
		e6053ab7fec63d5f83825b880ce53c41 /* ofxOsc */ = {
			isa = PBXGroup;
			children = (
				bd2f1a9f8d0c05edb29122d00a67c2a2 /* src */,
				38871a5825686ae018ec2bf0e450fdae /* libs */,
			);
			name = ofxOsc;
			sourceTree = "<group>";
		};
		f5f1f1ef8441e64fd46f07c86bfc7ba6 /* ofxSvg */ = {
			isa = PBXGroup;
			children = (
				dbb3ef673ae7e843fd50910dd7a2c927 /* src */,
				bf0bf2682b4f1c8b2d7a515b1b7a20a7 /* libs */,
			);
			name = ofxSvg;
			sourceTree = "<group>";
		};
		ff8cdf57858e9b94e3237115f4d7aa09 /* ip */ = {
			isa = PBXGroup;
			children = (
				702cf892ad9d91d7f384b4901b4e5113 /* IpEndpointName.cpp */,
				19480e9789d6cfc3961d7f3517f62acb /* IpEndpointName.h */,
				f194dfebcc706b28428804b9ec8ec276 /* NetworkingUtils.h */,
				6081e19504721eba1ea84f937fa2840f /* PacketListener.h */,
				641362ca659fafee4e81001be7d8d43c /* posix */,
				9bcd4fc2562d87cbc5f58bab66ff16dc /* TimerListener.h */,
				a5d2064d3b4a70f3597972abc10515a3 /* UdpSocket.h */,
				ba6760ac87647dd61a92bd416dbd7a9c /* win32 */,
			);
			name = ip;
			sourceTree = "<group>";
		};
/* End PBXGroup section */

/* Begin PBXNativeTarget section */
		E4B69B5A0A3A1756003C02F2 /* ofMap */ = {
			isa = PBXNativeTarget;
			buildConfigurationList = E4B69B5F0A3A1757003C02F2 /* Build configuration list for PBXNativeTarget "ofMap" */;
			buildPhases = (
				E4B69B580A3A1756003C02F2 /* Sources */,
				E4B69B590A3A1756003C02F2 /* Frameworks */,
				E4B6FFFD0C3F9AB9008CF71C /* ShellScript */,
				E4C2427710CC5ABF004149E2 /* CopyFiles */,
			);
			buildRules = (
			);
			dependencies = (
				E4EEB9AC138B136A00A80321 /* PBXTargetDependency */,
			);
			name = ofMap;
			productName = myOFApp;
			productReference = E4B69B5B0A3A1756003C02F2 /* ofMapDebug.app */;
			productType = "com.apple.product-type.application";
		};
/* End PBXNativeTarget section */

/* Begin PBXProject section */
		E4B69B4C0A3A1720003C02F2 /* Project object */ = {
			isa = PBXProject;
			buildConfigurationList = E4B69B4D0A3A1720003C02F2 /* Build configuration list for PBXProject "ofMap" */;
			compatibilityVersion = "Xcode 2.4";
			developmentRegion = English;
			hasScannedForEncodings = 0;
			knownRegions = (
				English,
				Japanese,
				French,
				German,
			);
			mainGroup = E4B69B4A0A3A1720003C02F2;
			productRefGroup = E4B69B4A0A3A1720003C02F2;
			projectDirPath = "";
			projectReferences = (
				{
					ProductGroup = E4328144138ABC890047C5CB /* Products */;
					ProjectRef = E4328143138ABC890047C5CB /* openFrameworksLib.xcodeproj */;
				},
			);
			projectRoot = "";
			targets = (
				E4B69B5A0A3A1756003C02F2 /* ofMap */,
			);
		};
/* End PBXProject section */

/* Begin PBXReferenceProxy section */
		E4328148138ABC890047C5CB /* openFrameworksDebug.a */ = {
			isa = PBXReferenceProxy;
			fileType = archive.ar;
			path = openFrameworksDebug.a;
			remoteRef = E4328147138ABC890047C5CB /* PBXContainerItemProxy */;
			sourceTree = BUILT_PRODUCTS_DIR;
		};
/* End PBXReferenceProxy section */

/* Begin PBXShellScriptBuildPhase section */
		E4B6FFFD0C3F9AB9008CF71C /* ShellScript */ = {
			isa = PBXShellScriptBuildPhase;
			buildActionMask = 2147483647;
			files = (
			);
			inputPaths = (
			);
			outputPaths = (
			);
			runOnlyForDeploymentPostprocessing = 0;
			shellPath = /bin/sh;
			shellScript = "cp -f ../../of_v0073_osx_release/libs/fmodex/lib/osx/libfmodex.dylib \"$TARGET_BUILD_DIR/$PRODUCT_NAME.app/Contents/MacOS/libfmodex.dylib\"; install_name_tool -change ./libfmodex.dylib @executable_path/libfmodex.dylib \"$TARGET_BUILD_DIR/$PRODUCT_NAME.app/Contents/MacOS/$PRODUCT_NAME\";";
		};
/* End PBXShellScriptBuildPhase section */

/* Begin PBXSourcesBuildPhase section */
		E4B69B580A3A1756003C02F2 /* Sources */ = {
			isa = PBXSourcesBuildPhase;
			buildActionMask = 2147483647;
			files = (
				8a3041e5c013ac215764e3b6b4314fb9 /* ofxTCPClient.cpp in Sources */,
				00dceb4c6387c6f9d935b487c9cb7279 /* ofxTCPManager.cpp in Sources */,
				e7ca2fba739920c4d03505e8e5288ac2 /* ofxTCPServer.cpp in Sources */,
				b3704c23991f50df6ac16e2047164301 /* ofxUDPManager.cpp in Sources */,
				a7163a385b33f4ef9b8f62a56a8acf61 /* ofxOscBundle.cpp in Sources */,
				e24b8224a702be1c30f6de10d2b9e7e4 /* ofxOscMessage.cpp in Sources */,
				cf76c904009f22aa756cb40dbf209da1 /* ofxOscReceiver.cpp in Sources */,
				4da831302ed16f199d7beba43bd1670f /* ofxOscSender.cpp in Sources */,
				2613c36cbc970db3c2ee3f8bded42045 /* IpEndpointName.cpp in Sources */,
				1e1b4f76ba31512e5ac28e624d630b24 /* NetworkingUtils.cpp in Sources */,
				035f125683ef112b263ff275ba2349ab /* UdpSocket.cpp in Sources */,
				8238a2bcf90200bd14497b5c8920b2ad /* NetworkingUtilsWin.cpp in Sources */,
				84e44d5c0bd9bfa84a14ee9e0fd754ef /* UdpSocketWin.cpp in Sources */,
				7ad9e5a4126124aae490c49524cbcdfb /* OscOutboundPacketStream.cpp in Sources */,
				9b986b58e3be9c6799df6bb10a406097 /* OscPrintReceivedElements.cpp in Sources */,
				c9cbb1e58b9c8a8e31f6fa797b994b86 /* OscReceivedElements.cpp in Sources */,
				e8ec30c1a97526a27cd560a4ef0d07b5 /* OscTypes.cpp in Sources */,
				07666e3d771a9f4de76135bb85c7cff2 /* ofxSVG.cpp in Sources */,
				20ad48da6b712f2c2ddb2b1b0d86c4e9 /* src_colors.cpp in Sources */,
				03a01fc41cf9b3bb9eae5c9bf2fd18d4 /* svgtiny.cpp in Sources */,
				93ce2417aaff8da156c1d42fa4648671 /* svgtiny_gradient.cpp in Sources */,
				3119537963503e957cc418dbcfc8e6fd /* svgtiny_list.cpp in Sources */,
				024F8FB416BC7B0E0082D051 /* GEVisualizer.cpp in Sources */,
				024F8FB516BC7B0E0082D051 /* Layout.cpp in Sources */,
				024F8FB616BC7B0E0082D051 /* LayoutRenderer.cpp in Sources */,
				024F8FB716BC7B0E0082D051 /* main.cpp in Sources */,
				024F8FC916BC7B0E0082D051 /* tinyxml.cpp in Sources */,
				024F8FCA16BC7B0E0082D051 /* tinyxmlerror.cpp in Sources */,
				024F8FCB16BC7B0E0082D051 /* tinyxmlparser.cpp in Sources */,
				02A17D9516F228C7005AB17D /* SkeletonRenderer.cpp in Sources */,
				021DF7B016F90CE700569C6A /* GEVisualizerFakeData.cpp in Sources */,
				02E479611708B64A009691CB /* LayoutApp.cpp in Sources */,
			);
			runOnlyForDeploymentPostprocessing = 0;
		};
/* End PBXSourcesBuildPhase section */

/* Begin PBXTargetDependency section */
		E4EEB9AC138B136A00A80321 /* PBXTargetDependency */ = {
			isa = PBXTargetDependency;
			name = openFrameworks;
			targetProxy = E4EEB9AB138B136A00A80321 /* PBXContainerItemProxy */;
		};
/* End PBXTargetDependency section */

/* Begin XCBuildConfiguration section */
		E4B69B4E0A3A1720003C02F2 /* Debug */ = {
			isa = XCBuildConfiguration;
			baseConfigurationReference = E4EB6923138AFD0F00A09F29 /* Project.xcconfig */;
			buildSettings = {
				ARCHS = "$(NATIVE_ARCH)";
				CONFIGURATION_BUILD_DIR = "$(SRCROOT)/bin/";
				COPY_PHASE_STRIP = NO;
				DEAD_CODE_STRIPPING = YES;
				GCC_AUTO_VECTORIZATION = YES;
				GCC_ENABLE_SSE3_EXTENSIONS = YES;
				GCC_ENABLE_SUPPLEMENTAL_SSE3_INSTRUCTIONS = YES;
				GCC_INLINES_ARE_PRIVATE_EXTERN = NO;
				GCC_OPTIMIZATION_LEVEL = 0;
				GCC_SYMBOLS_PRIVATE_EXTERN = NO;
				GCC_WARN_ABOUT_DEPRECATED_FUNCTIONS = YES;
				GCC_WARN_ABOUT_INVALID_OFFSETOF_MACRO = NO;
				GCC_WARN_ALLOW_INCOMPLETE_PROTOCOL = NO;
				GCC_WARN_UNINITIALIZED_AUTOS = NO;
				GCC_WARN_UNUSED_VALUE = NO;
				GCC_WARN_UNUSED_VARIABLE = NO;
				HEADER_SEARCH_PATHS = (
					"$(OF_CORE_HEADERS)",
					../../of_v0073_osx_release/addons/ofxNetwork/libs,
					../../of_v0073_osx_release/addons/ofxNetwork/src,
					../../of_v0073_osx_release/addons/ofxOsc/libs,
					../../of_v0073_osx_release/addons/ofxOsc/libs/oscpack,
					../../of_v0073_osx_release/addons/ofxOsc/libs/oscpack/src,
					../../of_v0073_osx_release/addons/ofxOsc/libs/oscpack/src/ip,
					../../of_v0073_osx_release/addons/ofxOsc/libs/oscpack/src/ip/posix,
					../../of_v0073_osx_release/addons/ofxOsc/libs/oscpack/src/ip/win32,
					../../of_v0073_osx_release/addons/ofxOsc/libs/oscpack/src/osc,
					../../of_v0073_osx_release/addons/ofxOsc/src,
					../../of_v0073_osx_release/addons/ofxSvg/libs,
					../../of_v0073_osx_release/addons/ofxSvg/libs/svgTiny,
					../../of_v0073_osx_release/addons/ofxSvg/libs/svgTiny/src,
					../../of_v0073_osx_release/addons/ofxSvg/src,
					../../of_v0073_osx_release/addons/ofxXmlSettings/libs,
					../../of_v0073_osx_release/addons/ofxXmlSettings/src,
					../../of_v0073_osx_release/addons/ofxUI/libs,
					../../of_v0073_osx_release/addons/ofxUI/src,
				);
				OTHER_CPLUSPLUSFLAGS = (
					"-D__MACOSX_CORE__",
					"-lpthread",
					"-mtune=native",
				);
				SDKROOT = "";
			};
			name = Debug;
		};
		E4B69B4F0A3A1720003C02F2 /* Release */ = {
			isa = XCBuildConfiguration;
			baseConfigurationReference = E4EB6923138AFD0F00A09F29 /* Project.xcconfig */;
			buildSettings = {
				ARCHS = "$(NATIVE_ARCH)";
				CONFIGURATION_BUILD_DIR = "$(SRCROOT)/bin/";
				COPY_PHASE_STRIP = YES;
				DEAD_CODE_STRIPPING = YES;
				GCC_AUTO_VECTORIZATION = YES;
				GCC_ENABLE_SSE3_EXTENSIONS = YES;
				GCC_ENABLE_SUPPLEMENTAL_SSE3_INSTRUCTIONS = YES;
				GCC_INLINES_ARE_PRIVATE_EXTERN = NO;
				GCC_OPTIMIZATION_LEVEL = 3;
				GCC_SYMBOLS_PRIVATE_EXTERN = NO;
				GCC_UNROLL_LOOPS = YES;
				GCC_WARN_ABOUT_DEPRECATED_FUNCTIONS = YES;
				GCC_WARN_ABOUT_INVALID_OFFSETOF_MACRO = NO;
				GCC_WARN_ALLOW_INCOMPLETE_PROTOCOL = NO;
				GCC_WARN_UNINITIALIZED_AUTOS = NO;
				GCC_WARN_UNUSED_VALUE = NO;
				GCC_WARN_UNUSED_VARIABLE = NO;
				HEADER_SEARCH_PATHS = (
					"$(OF_CORE_HEADERS)",
					../../of_v0073_osx_release/addons/ofxNetwork/libs,
					../../of_v0073_osx_release/addons/ofxNetwork/src,
					../../of_v0073_osx_release/addons/ofxOsc/libs,
					../../of_v0073_osx_release/addons/ofxOsc/libs/oscpack,
					../../of_v0073_osx_release/addons/ofxOsc/libs/oscpack/src,
					../../of_v0073_osx_release/addons/ofxOsc/libs/oscpack/src/ip,
					../../of_v0073_osx_release/addons/ofxOsc/libs/oscpack/src/ip/posix,
					../../of_v0073_osx_release/addons/ofxOsc/libs/oscpack/src/ip/win32,
					../../of_v0073_osx_release/addons/ofxOsc/libs/oscpack/src/osc,
					../../of_v0073_osx_release/addons/ofxOsc/src,
					../../of_v0073_osx_release/addons/ofxSvg/libs,
					../../of_v0073_osx_release/addons/ofxSvg/libs/svgTiny,
					../../of_v0073_osx_release/addons/ofxSvg/libs/svgTiny/src,
					../../of_v0073_osx_release/addons/ofxSvg/src,
					../../of_v0073_osx_release/addons/ofxXmlSettings/libs,
					../../of_v0073_osx_release/addons/ofxXmlSettings/src,
					../../of_v0073_osx_release/addons/ofxUI/libs,
					../../of_v0073_osx_release/addons/ofxUI/src,
				);
				OTHER_CPLUSPLUSFLAGS = (
					"-D__MACOSX_CORE__",
					"-lpthread",
					"-mtune=native",
				);
				SDKROOT = "";
			};
			name = Release;
		};
		E4B69B600A3A1757003C02F2 /* Debug */ = {
			isa = XCBuildConfiguration;
			buildSettings = {
				COPY_PHASE_STRIP = NO;
				FRAMEWORK_SEARCH_PATHS = (
					"$(inherited)",
					"$(FRAMEWORK_SEARCH_PATHS_QUOTED_FOR_TARGET_1)",
				);
				FRAMEWORK_SEARCH_PATHS_QUOTED_FOR_TARGET_1 = "\"$(SRCROOT)/../../of_v0073_osx_release/libs/glut/lib/osx\"";
				GCC_DYNAMIC_NO_PIC = NO;
				GCC_ENABLE_FIX_AND_CONTINUE = YES;
				GCC_GENERATE_DEBUGGING_SYMBOLS = YES;
				GCC_MODEL_TUNING = NONE;
				GCC_PRECOMPILE_PREFIX_HEADER = YES;
				GCC_PREFIX_HEADER = "$(SYSTEM_LIBRARY_DIR)/Frameworks/Carbon.framework/Headers/Carbon.h";
				HEADER_SEARCH_PATHS = (
					"$(OF_CORE_HEADERS)",
					../../of_v0073_osx_release/addons/ofxNetwork/libs,
					../../of_v0073_osx_release/addons/ofxNetwork/src,
					../../of_v0073_osx_release/addons/ofxOsc/libs,
					../../of_v0073_osx_release/addons/ofxOsc/libs/oscpack,
					../../of_v0073_osx_release/addons/ofxOsc/libs/oscpack/src,
					../../of_v0073_osx_release/addons/ofxOsc/libs/oscpack/src/ip,
					../../of_v0073_osx_release/addons/ofxOsc/libs/oscpack/src/ip/posix,
					../../of_v0073_osx_release/addons/ofxOsc/libs/oscpack/src/ip/win32,
					../../of_v0073_osx_release/addons/ofxOsc/libs/oscpack/src/osc,
					../../of_v0073_osx_release/addons/ofxOsc/src,
					../../of_v0073_osx_release/addons/ofxSvg/libs,
					../../of_v0073_osx_release/addons/ofxSvg/libs/svgTiny,
					../../of_v0073_osx_release/addons/ofxSvg/libs/svgTiny/src,
					../../of_v0073_osx_release/addons/ofxSvg/src,
					../../of_v0073_osx_release/addons/ofxUI/libs,
					../../of_v0073_osx_release/addons/ofxUI/src,
					/opt/local/include,
				);
				INFOPLIST_FILE = "openFrameworks-Info.plist";
				INSTALL_PATH = "$(HOME)/Applications";
				LIBRARY_SEARCH_PATHS = (
					"$(inherited)",
					"$(LIBRARY_SEARCH_PATHS_QUOTED_FOR_TARGET_1)",
					"$(LIBRARY_SEARCH_PATHS_QUOTED_FOR_TARGET_2)",
					"$(LIBRARY_SEARCH_PATHS_QUOTED_FOR_TARGET_3)",
					"$(LIBRARY_SEARCH_PATHS_QUOTED_FOR_TARGET_4)",
					"$(LIBRARY_SEARCH_PATHS_QUOTED_FOR_TARGET_5)",
					"$(LIBRARY_SEARCH_PATHS_QUOTED_FOR_TARGET_6)",
					"$(LIBRARY_SEARCH_PATHS_QUOTED_FOR_TARGET_7)",
					"$(LIBRARY_SEARCH_PATHS_QUOTED_FOR_TARGET_8)",
					"$(LIBRARY_SEARCH_PATHS_QUOTED_FOR_TARGET_9)",
					"$(LIBRARY_SEARCH_PATHS_QUOTED_FOR_TARGET_10)",
					"$(LIBRARY_SEARCH_PATHS_QUOTED_FOR_TARGET_11)",
					"$(LIBRARY_SEARCH_PATHS_QUOTED_FOR_TARGET_12)",
					"$(LIBRARY_SEARCH_PATHS_QUOTED_FOR_TARGET_13)",
					"$(LIBRARY_SEARCH_PATHS_QUOTED_FOR_TARGET_14)",
					"$(LIBRARY_SEARCH_PATHS_QUOTED_FOR_TARGET_15)",
					"$(LIBRARY_SEARCH_PATHS_QUOTED_FOR_TARGET_2)",
					"$(LIBRARY_SEARCH_PATHS_QUOTED_FOR_TARGET_3)",
					"$(LIBRARY_SEARCH_PATHS_QUOTED_FOR_TARGET_7)",
					"$(LIBRARY_SEARCH_PATHS_QUOTED_FOR_TARGET_8)",
					"$(LIBRARY_SEARCH_PATHS_QUOTED_FOR_TARGET_9)",
					"$(LIBRARY_SEARCH_PATHS_QUOTED_FOR_TARGET_10)",
					"$(LIBRARY_SEARCH_PATHS_QUOTED_FOR_TARGET_11)",
					"$(LIBRARY_SEARCH_PATHS_QUOTED_FOR_TARGET_12)",
					"$(LIBRARY_SEARCH_PATHS_QUOTED_FOR_TARGET_13)",
					"$(LIBRARY_SEARCH_PATHS_QUOTED_FOR_TARGET_16)",
					"$(LIBRARY_SEARCH_PATHS_QUOTED_FOR_TARGET_17)",
					"$(LIBRARY_SEARCH_PATHS_QUOTED_FOR_TARGET_18)",
					"$(LIBRARY_SEARCH_PATHS_QUOTED_FOR_TARGET_19)",
					"$(LIBRARY_SEARCH_PATHS_QUOTED_FOR_TARGET_20)",
					"$(LIBRARY_SEARCH_PATHS_QUOTED_FOR_TARGET_21)",
					"$(LIBRARY_SEARCH_PATHS_QUOTED_FOR_TARGET_22)",
					"$(LIBRARY_SEARCH_PATHS_QUOTED_FOR_TARGET_23)",
					"$(LIBRARY_SEARCH_PATHS_QUOTED_FOR_TARGET_24)",
					"$(LIBRARY_SEARCH_PATHS_QUOTED_FOR_TARGET_25)",
					"$(LIBRARY_SEARCH_PATHS_QUOTED_FOR_TARGET_26)",
					"$(LIBRARY_SEARCH_PATHS_QUOTED_FOR_TARGET_27)",
					"$(LIBRARY_SEARCH_PATHS_QUOTED_FOR_TARGET_28)",
					"$(LIBRARY_SEARCH_PATHS_QUOTED_FOR_TARGET_29)",
					"$(LIBRARY_SEARCH_PATHS_QUOTED_FOR_TARGET_30)",
					"$(LIBRARY_SEARCH_PATHS_QUOTED_FOR_TARGET_31)",
					"$(LIBRARY_SEARCH_PATHS_QUOTED_FOR_TARGET_32)",
					"$(LIBRARY_SEARCH_PATHS_QUOTED_FOR_TARGET_33)",
					"$(LIBRARY_SEARCH_PATHS_QUOTED_FOR_TARGET_34)",
					"$(LIBRARY_SEARCH_PATHS_QUOTED_FOR_TARGET_35)",
					"$(LIBRARY_SEARCH_PATHS_QUOTED_FOR_TARGET_36)",
					"$(LIBRARY_SEARCH_PATHS_QUOTED_FOR_TARGET_37)",
					"$(LIBRARY_SEARCH_PATHS_QUOTED_FOR_TARGET_38)",
					"$(LIBRARY_SEARCH_PATHS_QUOTED_FOR_TARGET_39)",
					"$(LIBRARY_SEARCH_PATHS_QUOTED_FOR_TARGET_40)",
					"$(LIBRARY_SEARCH_PATHS_QUOTED_FOR_TARGET_41)",
					"$(LIBRARY_SEARCH_PATHS_QUOTED_FOR_TARGET_42)",
					"$(LIBRARY_SEARCH_PATHS_QUOTED_FOR_TARGET_43)",
					"$(LIBRARY_SEARCH_PATHS_QUOTED_FOR_TARGET_44)",
					"$(LIBRARY_SEARCH_PATHS_QUOTED_FOR_TARGET_45)",
					"$(LIBRARY_SEARCH_PATHS_QUOTED_FOR_TARGET_46)",
					"$(LIBRARY_SEARCH_PATHS_QUOTED_FOR_TARGET_47)",
					"$(LIBRARY_SEARCH_PATHS_QUOTED_FOR_TARGET_48)",
					"$(LIBRARY_SEARCH_PATHS_QUOTED_FOR_TARGET_49)",
					"$(LIBRARY_SEARCH_PATHS_QUOTED_FOR_TARGET_50)",
					"$(LIBRARY_SEARCH_PATHS_QUOTED_FOR_TARGET_51)",
					"$(LIBRARY_SEARCH_PATHS_QUOTED_FOR_TARGET_52)",
					/opt/local/lib,
				);
				PREBINDING = NO;
				PRODUCT_NAME = "$(TARGET_NAME)Debug";
				SDKROOT = "";
				WRAPPER_EXTENSION = app;
			};
			name = Debug;
		};
		E4B69B610A3A1757003C02F2 /* Release */ = {
			isa = XCBuildConfiguration;
			buildSettings = {
				COPY_PHASE_STRIP = YES;
				FRAMEWORK_SEARCH_PATHS = (
					"$(inherited)",
					"$(FRAMEWORK_SEARCH_PATHS_QUOTED_FOR_TARGET_1)",
				);
				FRAMEWORK_SEARCH_PATHS_QUOTED_FOR_TARGET_1 = "\"$(SRCROOT)/../../of_v0073_osx_release/libs/glut/lib/osx\"";
				GCC_ENABLE_FIX_AND_CONTINUE = NO;
				GCC_GENERATE_DEBUGGING_SYMBOLS = YES;
				GCC_MODEL_TUNING = NONE;
				GCC_PRECOMPILE_PREFIX_HEADER = YES;
				GCC_PREFIX_HEADER = "$(SYSTEM_LIBRARY_DIR)/Frameworks/Carbon.framework/Headers/Carbon.h";
				HEADER_SEARCH_PATHS = (
					"$(OF_CORE_HEADERS)",
					../../of_v0073_osx_release/addons/ofxNetwork/libs,
					../../of_v0073_osx_release/addons/ofxNetwork/src,
					../../of_v0073_osx_release/addons/ofxOsc/libs,
					../../of_v0073_osx_release/addons/ofxOsc/libs/oscpack,
					../../of_v0073_osx_release/addons/ofxOsc/libs/oscpack/src,
					../../of_v0073_osx_release/addons/ofxOsc/libs/oscpack/src/ip,
					../../of_v0073_osx_release/addons/ofxOsc/libs/oscpack/src/ip/posix,
					../../of_v0073_osx_release/addons/ofxOsc/libs/oscpack/src/ip/win32,
					../../of_v0073_osx_release/addons/ofxOsc/libs/oscpack/src/osc,
					../../of_v0073_osx_release/addons/ofxOsc/src,
					../../of_v0073_osx_release/addons/ofxSvg/libs,
					../../of_v0073_osx_release/addons/ofxSvg/libs/svgTiny,
					../../of_v0073_osx_release/addons/ofxSvg/libs/svgTiny/src,
					../../of_v0073_osx_release/addons/ofxSvg/src,
					../../of_v0073_osx_release/addons/ofxUI/libs,
					../../of_v0073_osx_release/addons/ofxUI/src,
					/opt/local/include,
				);
				INFOPLIST_FILE = "openFrameworks-Info.plist";
				INSTALL_PATH = "$(HOME)/Applications";
				LIBRARY_SEARCH_PATHS = (
					"$(inherited)",
					"$(LIBRARY_SEARCH_PATHS_QUOTED_FOR_TARGET_1)",
					"$(LIBRARY_SEARCH_PATHS_QUOTED_FOR_TARGET_2)",
					"$(LIBRARY_SEARCH_PATHS_QUOTED_FOR_TARGET_3)",
					"$(LIBRARY_SEARCH_PATHS_QUOTED_FOR_TARGET_4)",
					"$(LIBRARY_SEARCH_PATHS_QUOTED_FOR_TARGET_5)",
					"$(LIBRARY_SEARCH_PATHS_QUOTED_FOR_TARGET_6)",
					"$(LIBRARY_SEARCH_PATHS_QUOTED_FOR_TARGET_7)",
					"$(LIBRARY_SEARCH_PATHS_QUOTED_FOR_TARGET_8)",
					"$(LIBRARY_SEARCH_PATHS_QUOTED_FOR_TARGET_9)",
					"$(LIBRARY_SEARCH_PATHS_QUOTED_FOR_TARGET_10)",
					"$(LIBRARY_SEARCH_PATHS_QUOTED_FOR_TARGET_11)",
					"$(LIBRARY_SEARCH_PATHS_QUOTED_FOR_TARGET_12)",
					"$(LIBRARY_SEARCH_PATHS_QUOTED_FOR_TARGET_13)",
					"$(LIBRARY_SEARCH_PATHS_QUOTED_FOR_TARGET_14)",
					"$(LIBRARY_SEARCH_PATHS_QUOTED_FOR_TARGET_15)",
					"$(LIBRARY_SEARCH_PATHS_QUOTED_FOR_TARGET_2)",
					"$(LIBRARY_SEARCH_PATHS_QUOTED_1)",
					"$(LIBRARY_SEARCH_PATHS_QUOTED_FOR_TARGET_3)",
					"$(LIBRARY_SEARCH_PATHS_QUOTED_FOR_TARGET_7)",
					"$(LIBRARY_SEARCH_PATHS_QUOTED_FOR_TARGET_8)",
					"$(LIBRARY_SEARCH_PATHS_QUOTED_FOR_TARGET_9)",
					"$(LIBRARY_SEARCH_PATHS_QUOTED_FOR_TARGET_10)",
					"$(LIBRARY_SEARCH_PATHS_QUOTED_FOR_TARGET_11)",
					"$(LIBRARY_SEARCH_PATHS_QUOTED_FOR_TARGET_12)",
					"$(LIBRARY_SEARCH_PATHS_QUOTED_FOR_TARGET_13)",
					"$(LIBRARY_SEARCH_PATHS_QUOTED_FOR_TARGET_16)",
					"$(LIBRARY_SEARCH_PATHS_QUOTED_FOR_TARGET_17)",
					"$(LIBRARY_SEARCH_PATHS_QUOTED_FOR_TARGET_18)",
					"$(LIBRARY_SEARCH_PATHS_QUOTED_FOR_TARGET_19)",
					"$(LIBRARY_SEARCH_PATHS_QUOTED_FOR_TARGET_20)",
					"$(LIBRARY_SEARCH_PATHS_QUOTED_FOR_TARGET_21)",
					"$(LIBRARY_SEARCH_PATHS_QUOTED_FOR_TARGET_22)",
					"$(LIBRARY_SEARCH_PATHS_QUOTED_FOR_TARGET_23)",
					"$(LIBRARY_SEARCH_PATHS_QUOTED_FOR_TARGET_24)",
					"$(LIBRARY_SEARCH_PATHS_QUOTED_FOR_TARGET_25)",
					"$(LIBRARY_SEARCH_PATHS_QUOTED_FOR_TARGET_26)",
					"$(LIBRARY_SEARCH_PATHS_QUOTED_FOR_TARGET_27)",
					"$(LIBRARY_SEARCH_PATHS_QUOTED_FOR_TARGET_28)",
					"$(LIBRARY_SEARCH_PATHS_QUOTED_FOR_TARGET_29)",
					"$(LIBRARY_SEARCH_PATHS_QUOTED_FOR_TARGET_30)",
					"$(LIBRARY_SEARCH_PATHS_QUOTED_FOR_TARGET_31)",
					"$(LIBRARY_SEARCH_PATHS_QUOTED_FOR_TARGET_32)",
					"$(LIBRARY_SEARCH_PATHS_QUOTED_FOR_TARGET_33)",
					"$(LIBRARY_SEARCH_PATHS_QUOTED_FOR_TARGET_34)",
					"$(LIBRARY_SEARCH_PATHS_QUOTED_FOR_TARGET_35)",
					"$(LIBRARY_SEARCH_PATHS_QUOTED_FOR_TARGET_36)",
					"$(LIBRARY_SEARCH_PATHS_QUOTED_FOR_TARGET_37)",
					"$(LIBRARY_SEARCH_PATHS_QUOTED_FOR_TARGET_38)",
					"$(LIBRARY_SEARCH_PATHS_QUOTED_FOR_TARGET_39)",
					"$(LIBRARY_SEARCH_PATHS_QUOTED_FOR_TARGET_40)",
					"$(LIBRARY_SEARCH_PATHS_QUOTED_FOR_TARGET_41)",
					"$(LIBRARY_SEARCH_PATHS_QUOTED_FOR_TARGET_42)",
					"$(LIBRARY_SEARCH_PATHS_QUOTED_FOR_TARGET_43)",
					"$(LIBRARY_SEARCH_PATHS_QUOTED_FOR_TARGET_44)",
					"$(LIBRARY_SEARCH_PATHS_QUOTED_FOR_TARGET_45)",
					"$(LIBRARY_SEARCH_PATHS_QUOTED_FOR_TARGET_46)",
					"$(LIBRARY_SEARCH_PATHS_QUOTED_FOR_TARGET_47)",
					"$(LIBRARY_SEARCH_PATHS_QUOTED_FOR_TARGET_48)",
					"$(LIBRARY_SEARCH_PATHS_QUOTED_FOR_TARGET_49)",
					"$(LIBRARY_SEARCH_PATHS_QUOTED_FOR_TARGET_50)",
					"$(LIBRARY_SEARCH_PATHS_QUOTED_FOR_TARGET_51)",
					/opt/local/lib,
				);
				PREBINDING = NO;
				PRODUCT_NAME = "$(TARGET_NAME)";
				SDKROOT = "";
				WRAPPER_EXTENSION = app;
			};
			name = Release;
		};
/* End XCBuildConfiguration section */

/* Begin XCConfigurationList section */
		E4B69B4D0A3A1720003C02F2 /* Build configuration list for PBXProject "ofMap" */ = {
			isa = XCConfigurationList;
			buildConfigurations = (
				E4B69B4E0A3A1720003C02F2 /* Debug */,
				E4B69B4F0A3A1720003C02F2 /* Release */,
			);
			defaultConfigurationIsVisible = 0;
			defaultConfigurationName = Release;
		};
		E4B69B5F0A3A1757003C02F2 /* Build configuration list for PBXNativeTarget "ofMap" */ = {
			isa = XCConfigurationList;
			buildConfigurations = (
				E4B69B600A3A1757003C02F2 /* Debug */,
				E4B69B610A3A1757003C02F2 /* Release */,
			);
			defaultConfigurationIsVisible = 0;
			defaultConfigurationName = Release;
		};
/* End XCConfigurationList section */
	};
	rootObject = E4B69B4C0A3A1720003C02F2 /* Project object */;
}
