// !$*UTF8*$!
{
	archiveVersion = 1;
	classes = {
	};
	objectVersion = 42;
	objects = {

/* Begin PBXBuildFile section */
		02DB189516A8D0E9002B223B /* tinyxml.cpp in Sources */ = {isa = PBXBuildFile; fileRef = 02DB188B16A8D0E9002B223B /* tinyxml.cpp */; };
		02DB189616A8D0E9002B223B /* tinyxmlerror.cpp in Sources */ = {isa = PBXBuildFile; fileRef = 02DB188D16A8D0E9002B223B /* tinyxmlerror.cpp */; };
		02DB189716A8D0E9002B223B /* tinyxmlparser.cpp in Sources */ = {isa = PBXBuildFile; fileRef = 02DB188E16A8D0E9002B223B /* tinyxmlparser.cpp */; };
		02DB18D716ACB1F3002B223B /* Layout.cpp in Sources */ = {isa = PBXBuildFile; fileRef = 02DB18D016ACB1F3002B223B /* Layout.cpp */; };
		02DB18D816ACB1F3002B223B /* main.cpp in Sources */ = {isa = PBXBuildFile; fileRef = 02DB18D316ACB1F3002B223B /* main.cpp */; };
		02DB18D916ACB1F3002B223B /* testApp.cpp in Sources */ = {isa = PBXBuildFile; fileRef = 02DB18D416ACB1F3002B223B /* testApp.cpp */; };
		02DB18FC16AE1DFF002B223B /* ofUIButton.cpp in Sources */ = {isa = PBXBuildFile; fileRef = 02DB18DB16AE1DFF002B223B /* ofUIButton.cpp */; };
		02DB18FD16AE1DFF002B223B /* ofUIButtonHandler.cpp in Sources */ = {isa = PBXBuildFile; fileRef = 02DB18DD16AE1DFF002B223B /* ofUIButtonHandler.cpp */; };
		02DB18FE16AE1DFF002B223B /* ofUIDropDownMenu.cpp in Sources */ = {isa = PBXBuildFile; fileRef = 02DB18DF16AE1DFF002B223B /* ofUIDropDownMenu.cpp */; };
		02DB18FF16AE1DFF002B223B /* ofUIFrameView.cpp in Sources */ = {isa = PBXBuildFile; fileRef = 02DB18E116AE1DFF002B223B /* ofUIFrameView.cpp */; };
		02DB190016AE1DFF002B223B /* ofUIImageButton.cpp in Sources */ = {isa = PBXBuildFile; fileRef = 02DB18E316AE1DFF002B223B /* ofUIImageButton.cpp */; };
		02DB190116AE1DFF002B223B /* ofUIMainView.cpp in Sources */ = {isa = PBXBuildFile; fileRef = 02DB18E516AE1DFF002B223B /* ofUIMainView.cpp */; };
		02DB190216AE1DFF002B223B /* ofUIRadioButton.cpp in Sources */ = {isa = PBXBuildFile; fileRef = 02DB18E816AE1DFF002B223B /* ofUIRadioButton.cpp */; };
		02DB190316AE1DFF002B223B /* ofUIScrollView.cpp in Sources */ = {isa = PBXBuildFile; fileRef = 02DB18EA16AE1DFF002B223B /* ofUIScrollView.cpp */; };
		02DB190416AE1DFF002B223B /* ofUISlider.cpp in Sources */ = {isa = PBXBuildFile; fileRef = 02DB18EC16AE1DFF002B223B /* ofUISlider.cpp */; };
		02DB190516AE1DFF002B223B /* ofUIStaticText.cpp in Sources */ = {isa = PBXBuildFile; fileRef = 02DB18EE16AE1DFF002B223B /* ofUIStaticText.cpp */; };
		02DB190616AE1DFF002B223B /* ofUISubView.cpp in Sources */ = {isa = PBXBuildFile; fileRef = 02DB18F016AE1DFF002B223B /* ofUISubView.cpp */; };
		02DB190716AE1DFF002B223B /* ofUITabView.cpp in Sources */ = {isa = PBXBuildFile; fileRef = 02DB18F216AE1DFF002B223B /* ofUITabView.cpp */; };
		02DB190816AE1DFF002B223B /* ofUITextField.cpp in Sources */ = {isa = PBXBuildFile; fileRef = 02DB18F416AE1DFF002B223B /* ofUITextField.cpp */; };
		02DB190916AE1DFF002B223B /* ofUITextFieldHandler.cpp in Sources */ = {isa = PBXBuildFile; fileRef = 02DB18F616AE1DFF002B223B /* ofUITextFieldHandler.cpp */; };
		02DB190A16AE1DFF002B223B /* ofUIView.cpp in Sources */ = {isa = PBXBuildFile; fileRef = 02DB18F816AE1DFF002B223B /* ofUIView.cpp */; };
		02DB190B16AE1DFF002B223B /* ofUIViewContainer.cpp in Sources */ = {isa = PBXBuildFile; fileRef = 02DB18FA16AE1DFF002B223B /* ofUIViewContainer.cpp */; };
		035f125683ef112b263ff275ba2349ab /* UdpSocket.cpp in Sources */ = {isa = PBXBuildFile; fileRef = c54dc7a5c30cb956123a88cc294b91ab /* UdpSocket.cpp */; };
		1e1b4f76ba31512e5ac28e624d630b24 /* NetworkingUtils.cpp in Sources */ = {isa = PBXBuildFile; fileRef = 594d59b14e311ea295e3507ecd48bf1a /* NetworkingUtils.cpp */; };
		2613c36cbc970db3c2ee3f8bded42045 /* IpEndpointName.cpp in Sources */ = {isa = PBXBuildFile; fileRef = 702cf892ad9d91d7f384b4901b4e5113 /* IpEndpointName.cpp */; };
		4da831302ed16f199d7beba43bd1670f /* ofxOscSender.cpp in Sources */ = {isa = PBXBuildFile; fileRef = d12f6f0c10806ed8ef477723a8f6be8f /* ofxOscSender.cpp */; };
		7ad9e5a4126124aae490c49524cbcdfb /* OscOutboundPacketStream.cpp in Sources */ = {isa = PBXBuildFile; fileRef = c0da957413f62e109846da33a16b5c2f /* OscOutboundPacketStream.cpp */; };
		8238a2bcf90200bd14497b5c8920b2ad /* NetworkingUtilsWin.cpp in Sources */ = {isa = PBXBuildFile; fileRef = 4d90e9c11dbf2dd07fd41afa6bb4e27a /* NetworkingUtilsWin.cpp */; };
		84e44d5c0bd9bfa84a14ee9e0fd754ef /* UdpSocketWin.cpp in Sources */ = {isa = PBXBuildFile; fileRef = 98cf1bc1fbfdfb810a5d34fe9ec1764e /* UdpSocketWin.cpp */; };
		9b986b58e3be9c6799df6bb10a406097 /* OscPrintReceivedElements.cpp in Sources */ = {isa = PBXBuildFile; fileRef = 9042b2402f3cea58097dcb529f0ae47c /* OscPrintReceivedElements.cpp */; };
		BBAB23CB13894F3D00AA2426 /* GLUT.framework in CopyFiles */ = {isa = PBXBuildFile; fileRef = BBAB23BE13894E4700AA2426 /* GLUT.framework */; };
		E4328149138ABC9F0047C5CB /* openFrameworksDebug.a in Frameworks */ = {isa = PBXBuildFile; fileRef = E4328148138ABC890047C5CB /* openFrameworksDebug.a */; };
		E45BE97B0E8CC7DD009D7055 /* AGL.framework in Frameworks */ = {isa = PBXBuildFile; fileRef = E45BE9710E8CC7DD009D7055 /* AGL.framework */; };
		E45BE97C0E8CC7DD009D7055 /* ApplicationServices.framework in Frameworks */ = {isa = PBXBuildFile; fileRef = E45BE9720E8CC7DD009D7055 /* ApplicationServices.framework */; };
		E45BE97D0E8CC7DD009D7055 /* AudioToolbox.framework in Frameworks */ = {isa = PBXBuildFile; fileRef = E45BE9730E8CC7DD009D7055 /* AudioToolbox.framework */; };
		E45BE97E0E8CC7DD009D7055 /* Carbon.framework in Frameworks */ = {isa = PBXBuildFile; fileRef = E45BE9740E8CC7DD009D7055 /* Carbon.framework */; };
		E45BE97F0E8CC7DD009D7055 /* CoreAudio.framework in Frameworks */ = {isa = PBXBuildFile; fileRef = E45BE9750E8CC7DD009D7055 /* CoreAudio.framework */; };
		E45BE9800E8CC7DD009D7055 /* CoreFoundation.framework in Frameworks */ = {isa = PBXBuildFile; fileRef = E45BE9760E8CC7DD009D7055 /* CoreFoundation.framework */; };
		E45BE9810E8CC7DD009D7055 /* CoreServices.framework in Frameworks */ = {isa = PBXBuildFile; fileRef = E45BE9770E8CC7DD009D7055 /* CoreServices.framework */; };
		E45BE9830E8CC7DD009D7055 /* OpenGL.framework in Frameworks */ = {isa = PBXBuildFile; fileRef = E45BE9790E8CC7DD009D7055 /* OpenGL.framework */; };
		E45BE9840E8CC7DD009D7055 /* QuickTime.framework in Frameworks */ = {isa = PBXBuildFile; fileRef = E45BE97A0E8CC7DD009D7055 /* QuickTime.framework */; };
		E4C2424710CC5A17004149E2 /* AppKit.framework in Frameworks */ = {isa = PBXBuildFile; fileRef = E4C2424410CC5A17004149E2 /* AppKit.framework */; };
		E4C2424810CC5A17004149E2 /* Cocoa.framework in Frameworks */ = {isa = PBXBuildFile; fileRef = E4C2424510CC5A17004149E2 /* Cocoa.framework */; };
		E4C2424910CC5A17004149E2 /* IOKit.framework in Frameworks */ = {isa = PBXBuildFile; fileRef = E4C2424610CC5A17004149E2 /* IOKit.framework */; };
		E4EB6799138ADC1D00A09F29 /* GLUT.framework in Frameworks */ = {isa = PBXBuildFile; fileRef = BBAB23BE13894E4700AA2426 /* GLUT.framework */; };
		E7E077E515D3B63C0020DFD4 /* CoreVideo.framework in Frameworks */ = {isa = PBXBuildFile; fileRef = E7E077E415D3B63C0020DFD4 /* CoreVideo.framework */; };
		E7E077E815D3B6510020DFD4 /* QTKit.framework in Frameworks */ = {isa = PBXBuildFile; fileRef = E7E077E715D3B6510020DFD4 /* QTKit.framework */; };
		E7F985F815E0DEA3003869B5 /* Accelerate.framework in Frameworks */ = {isa = PBXBuildFile; fileRef = E7F985F515E0DE99003869B5 /* Accelerate.framework */; };
		a7163a385b33f4ef9b8f62a56a8acf61 /* ofxOscBundle.cpp in Sources */ = {isa = PBXBuildFile; fileRef = 3936412f85354258d9592ee93a2b060a /* ofxOscBundle.cpp */; };
		c9cbb1e58b9c8a8e31f6fa797b994b86 /* OscReceivedElements.cpp in Sources */ = {isa = PBXBuildFile; fileRef = fb480e9b3d3b4e53a439af3374021eaf /* OscReceivedElements.cpp */; };
		cf76c904009f22aa756cb40dbf209da1 /* ofxOscReceiver.cpp in Sources */ = {isa = PBXBuildFile; fileRef = 3c60e5c41705c91753124702f44ba547 /* ofxOscReceiver.cpp */; };
		e24b8224a702be1c30f6de10d2b9e7e4 /* ofxOscMessage.cpp in Sources */ = {isa = PBXBuildFile; fileRef = 7bf84945283dd4d8a633536124b91ec3 /* ofxOscMessage.cpp */; };
		e8ec30c1a97526a27cd560a4ef0d07b5 /* OscTypes.cpp in Sources */ = {isa = PBXBuildFile; fileRef = e51d3f393626525cb97275aaa35bdcf6 /* OscTypes.cpp */; };
/* End PBXBuildFile section */

/* Begin PBXContainerItemProxy section */
		E4328147138ABC890047C5CB /* PBXContainerItemProxy */ = {
			isa = PBXContainerItemProxy;
			containerPortal = E4328143138ABC890047C5CB /* openFrameworksLib.xcodeproj */;
			proxyType = 2;
			remoteGlobalIDString = E4B27C1510CBEB8E00536013;
			remoteInfo = openFrameworks;
		};
		E4EEB9AB138B136A00A80321 /* PBXContainerItemProxy */ = {
			isa = PBXContainerItemProxy;
			containerPortal = E4328143138ABC890047C5CB /* openFrameworksLib.xcodeproj */;
			proxyType = 1;
			remoteGlobalIDString = E4B27C1410CBEB8E00536013;
			remoteInfo = openFrameworks;
		};
/* End PBXContainerItemProxy section */

/* Begin PBXCopyFilesBuildPhase section */
		E4C2427710CC5ABF004149E2 /* CopyFiles */ = {
			isa = PBXCopyFilesBuildPhase;
			buildActionMask = 2147483647;
			dstPath = "";
			dstSubfolderSpec = 10;
			files = (
				BBAB23CB13894F3D00AA2426 /* GLUT.framework in CopyFiles */,
			);
			runOnlyForDeploymentPostprocessing = 0;
		};
/* End PBXCopyFilesBuildPhase section */

/* Begin PBXFileReference section */
		02DB188B16A8D0E9002B223B /* tinyxml.cpp */ = {isa = PBXFileReference; fileEncoding = 4; lastKnownFileType = sourcecode.cpp.cpp; path = tinyxml.cpp; sourceTree = "<group>"; };
		02DB188C16A8D0E9002B223B /* tinyxml.h */ = {isa = PBXFileReference; fileEncoding = 4; lastKnownFileType = sourcecode.c.h; path = tinyxml.h; sourceTree = "<group>"; };
		02DB188D16A8D0E9002B223B /* tinyxmlerror.cpp */ = {isa = PBXFileReference; fileEncoding = 4; lastKnownFileType = sourcecode.cpp.cpp; path = tinyxmlerror.cpp; sourceTree = "<group>"; };
		02DB188E16A8D0E9002B223B /* tinyxmlparser.cpp */ = {isa = PBXFileReference; fileEncoding = 4; lastKnownFileType = sourcecode.cpp.cpp; path = tinyxmlparser.cpp; sourceTree = "<group>"; };
		02DB18D016ACB1F3002B223B /* Layout.cpp */ = {isa = PBXFileReference; fileEncoding = 4; lastKnownFileType = sourcecode.cpp.cpp; path = Layout.cpp; sourceTree = "<group>"; };
		02DB18D116ACB1F3002B223B /* Layout.h */ = {isa = PBXFileReference; fileEncoding = 4; lastKnownFileType = sourcecode.c.h; path = Layout.h; sourceTree = "<group>"; };
		02DB18D216ACB1F3002B223B /* LocationData.h */ = {isa = PBXFileReference; fileEncoding = 4; lastKnownFileType = sourcecode.c.h; path = LocationData.h; sourceTree = "<group>"; };
		02DB18D316ACB1F3002B223B /* main.cpp */ = {isa = PBXFileReference; fileEncoding = 4; lastKnownFileType = sourcecode.cpp.cpp; path = main.cpp; sourceTree = "<group>"; };
		02DB18D416ACB1F3002B223B /* testApp.cpp */ = {isa = PBXFileReference; fileEncoding = 4; lastKnownFileType = sourcecode.cpp.cpp; path = testApp.cpp; sourceTree = "<group>"; };
		02DB18D516ACB1F3002B223B /* testApp.h */ = {isa = PBXFileReference; fileEncoding = 4; lastKnownFileType = sourcecode.c.h; path = testApp.h; sourceTree = "<group>"; };
		02DB18D616ACB1F3002B223B /* TimeEvent.h */ = {isa = PBXFileReference; fileEncoding = 4; lastKnownFileType = sourcecode.c.h; path = TimeEvent.h; sourceTree = "<group>"; };
		02DB18DB16AE1DFF002B223B /* ofUIButton.cpp */ = {isa = PBXFileReference; fileEncoding = 4; lastKnownFileType = sourcecode.cpp.cpp; path = ofUIButton.cpp; sourceTree = "<group>"; };
		02DB18DC16AE1DFF002B223B /* ofUIButton.h */ = {isa = PBXFileReference; fileEncoding = 4; lastKnownFileType = sourcecode.c.h; path = ofUIButton.h; sourceTree = "<group>"; };
		02DB18DD16AE1DFF002B223B /* ofUIButtonHandler.cpp */ = {isa = PBXFileReference; fileEncoding = 4; lastKnownFileType = sourcecode.cpp.cpp; path = ofUIButtonHandler.cpp; sourceTree = "<group>"; };
		02DB18DE16AE1DFF002B223B /* ofUIButtonHandler.h */ = {isa = PBXFileReference; fileEncoding = 4; lastKnownFileType = sourcecode.c.h; path = ofUIButtonHandler.h; sourceTree = "<group>"; };
		02DB18DF16AE1DFF002B223B /* ofUIDropDownMenu.cpp */ = {isa = PBXFileReference; fileEncoding = 4; lastKnownFileType = sourcecode.cpp.cpp; path = ofUIDropDownMenu.cpp; sourceTree = "<group>"; };
		02DB18E016AE1DFF002B223B /* ofUIDropDownMenu.h */ = {isa = PBXFileReference; fileEncoding = 4; lastKnownFileType = sourcecode.c.h; path = ofUIDropDownMenu.h; sourceTree = "<group>"; };
		02DB18E116AE1DFF002B223B /* ofUIFrameView.cpp */ = {isa = PBXFileReference; fileEncoding = 4; lastKnownFileType = sourcecode.cpp.cpp; path = ofUIFrameView.cpp; sourceTree = "<group>"; };
		02DB18E216AE1DFF002B223B /* ofUIFrameView.h */ = {isa = PBXFileReference; fileEncoding = 4; lastKnownFileType = sourcecode.c.h; path = ofUIFrameView.h; sourceTree = "<group>"; };
		02DB18E316AE1DFF002B223B /* ofUIImageButton.cpp */ = {isa = PBXFileReference; fileEncoding = 4; lastKnownFileType = sourcecode.cpp.cpp; path = ofUIImageButton.cpp; sourceTree = "<group>"; };
		02DB18E416AE1DFF002B223B /* ofUIImageButton.h */ = {isa = PBXFileReference; fileEncoding = 4; lastKnownFileType = sourcecode.c.h; path = ofUIImageButton.h; sourceTree = "<group>"; };
		02DB18E516AE1DFF002B223B /* ofUIMainView.cpp */ = {isa = PBXFileReference; fileEncoding = 4; lastKnownFileType = sourcecode.cpp.cpp; path = ofUIMainView.cpp; sourceTree = "<group>"; };
		02DB18E616AE1DFF002B223B /* ofUIMainView.h */ = {isa = PBXFileReference; fileEncoding = 4; lastKnownFileType = sourcecode.c.h; path = ofUIMainView.h; sourceTree = "<group>"; };
		02DB18E716AE1DFF002B223B /* ofUIObject.h */ = {isa = PBXFileReference; fileEncoding = 4; lastKnownFileType = sourcecode.c.h; path = ofUIObject.h; sourceTree = "<group>"; };
		02DB18E816AE1DFF002B223B /* ofUIRadioButton.cpp */ = {isa = PBXFileReference; fileEncoding = 4; lastKnownFileType = sourcecode.cpp.cpp; path = ofUIRadioButton.cpp; sourceTree = "<group>"; };
		02DB18E916AE1DFF002B223B /* ofUIRadioButton.h */ = {isa = PBXFileReference; fileEncoding = 4; lastKnownFileType = sourcecode.c.h; path = ofUIRadioButton.h; sourceTree = "<group>"; };
		02DB18EA16AE1DFF002B223B /* ofUIScrollView.cpp */ = {isa = PBXFileReference; fileEncoding = 4; lastKnownFileType = sourcecode.cpp.cpp; path = ofUIScrollView.cpp; sourceTree = "<group>"; };
		02DB18EB16AE1DFF002B223B /* ofUIScrollView.h */ = {isa = PBXFileReference; fileEncoding = 4; lastKnownFileType = sourcecode.c.h; path = ofUIScrollView.h; sourceTree = "<group>"; };
		02DB18EC16AE1DFF002B223B /* ofUISlider.cpp */ = {isa = PBXFileReference; fileEncoding = 4; lastKnownFileType = sourcecode.cpp.cpp; path = ofUISlider.cpp; sourceTree = "<group>"; };
		02DB18ED16AE1DFF002B223B /* ofUISlider.h */ = {isa = PBXFileReference; fileEncoding = 4; lastKnownFileType = sourcecode.c.h; path = ofUISlider.h; sourceTree = "<group>"; };
		02DB18EE16AE1DFF002B223B /* ofUIStaticText.cpp */ = {isa = PBXFileReference; fileEncoding = 4; lastKnownFileType = sourcecode.cpp.cpp; path = ofUIStaticText.cpp; sourceTree = "<group>"; };
		02DB18EF16AE1DFF002B223B /* ofUIStaticText.h */ = {isa = PBXFileReference; fileEncoding = 4; lastKnownFileType = sourcecode.c.h; path = ofUIStaticText.h; sourceTree = "<group>"; };
		02DB18F016AE1DFF002B223B /* ofUISubView.cpp */ = {isa = PBXFileReference; fileEncoding = 4; lastKnownFileType = sourcecode.cpp.cpp; path = ofUISubView.cpp; sourceTree = "<group>"; };
		02DB18F116AE1DFF002B223B /* ofUISubView.h */ = {isa = PBXFileReference; fileEncoding = 4; lastKnownFileType = sourcecode.c.h; path = ofUISubView.h; sourceTree = "<group>"; };
		02DB18F216AE1DFF002B223B /* ofUITabView.cpp */ = {isa = PBXFileReference; fileEncoding = 4; lastKnownFileType = sourcecode.cpp.cpp; path = ofUITabView.cpp; sourceTree = "<group>"; };
		02DB18F316AE1DFF002B223B /* ofUITabView.h */ = {isa = PBXFileReference; fileEncoding = 4; lastKnownFileType = sourcecode.c.h; path = ofUITabView.h; sourceTree = "<group>"; };
		02DB18F416AE1DFF002B223B /* ofUITextField.cpp */ = {isa = PBXFileReference; fileEncoding = 4; lastKnownFileType = sourcecode.cpp.cpp; path = ofUITextField.cpp; sourceTree = "<group>"; };
		02DB18F516AE1DFF002B223B /* ofUITextField.h */ = {isa = PBXFileReference; fileEncoding = 4; lastKnownFileType = sourcecode.c.h; path = ofUITextField.h; sourceTree = "<group>"; };
		02DB18F616AE1DFF002B223B /* ofUITextFieldHandler.cpp */ = {isa = PBXFileReference; fileEncoding = 4; lastKnownFileType = sourcecode.cpp.cpp; path = ofUITextFieldHandler.cpp; sourceTree = "<group>"; };
		02DB18F716AE1DFF002B223B /* ofUITextFieldHandler.h */ = {isa = PBXFileReference; fileEncoding = 4; lastKnownFileType = sourcecode.c.h; path = ofUITextFieldHandler.h; sourceTree = "<group>"; };
		02DB18F816AE1DFF002B223B /* ofUIView.cpp */ = {isa = PBXFileReference; fileEncoding = 4; lastKnownFileType = sourcecode.cpp.cpp; path = ofUIView.cpp; sourceTree = "<group>"; };
		02DB18F916AE1DFF002B223B /* ofUIView.h */ = {isa = PBXFileReference; fileEncoding = 4; lastKnownFileType = sourcecode.c.h; path = ofUIView.h; sourceTree = "<group>"; };
		02DB18FA16AE1DFF002B223B /* ofUIViewContainer.cpp */ = {isa = PBXFileReference; fileEncoding = 4; lastKnownFileType = sourcecode.cpp.cpp; path = ofUIViewContainer.cpp; sourceTree = "<group>"; };
		02DB18FB16AE1DFF002B223B /* ofUIViewContainer.h */ = {isa = PBXFileReference; fileEncoding = 4; lastKnownFileType = sourcecode.c.h; path = ofUIViewContainer.h; sourceTree = "<group>"; };
		04ab4b6de84bc5aba00b6a8716c6705a /* ofxOscBundle.h */ = {isa = PBXFileReference; explicitFileType = sourcecode.c.h; fileEncoding = 30; name = ofxOscBundle.h; path = ../../of_v0073_osx_release/addons/ofxOsc/src/ofxOscBundle.h; sourceTree = SOURCE_ROOT; };
		04d4d13c8a2c92432a92a0d66267690a /* OscHostEndianness.h */ = {isa = PBXFileReference; explicitFileType = sourcecode.c.h; fileEncoding = 30; name = OscHostEndianness.h; path = ../../of_v0073_osx_release/addons/ofxOsc/libs/oscpack/src/osc/OscHostEndianness.h; sourceTree = SOURCE_ROOT; };
		192f62a6b3f97900aba3a53375cc1b05 /* OscPacketListener.h */ = {isa = PBXFileReference; explicitFileType = sourcecode.c.h; fileEncoding = 30; name = OscPacketListener.h; path = ../../of_v0073_osx_release/addons/ofxOsc/libs/oscpack/src/osc/OscPacketListener.h; sourceTree = SOURCE_ROOT; };
		19480e9789d6cfc3961d7f3517f62acb /* IpEndpointName.h */ = {isa = PBXFileReference; explicitFileType = sourcecode.c.h; fileEncoding = 30; name = IpEndpointName.h; path = ../../of_v0073_osx_release/addons/ofxOsc/libs/oscpack/src/ip/IpEndpointName.h; sourceTree = SOURCE_ROOT; };
		2bfd3f4a89dff9b63275d9e18d7ec30c /* OscReceivedElements.h */ = {isa = PBXFileReference; explicitFileType = sourcecode.c.h; fileEncoding = 30; name = OscReceivedElements.h; path = ../../of_v0073_osx_release/addons/ofxOsc/libs/oscpack/src/osc/OscReceivedElements.h; sourceTree = SOURCE_ROOT; };
		3936412f85354258d9592ee93a2b060a /* ofxOscBundle.cpp */ = {isa = PBXFileReference; explicitFileType = sourcecode.cpp.cpp; fileEncoding = 30; name = ofxOscBundle.cpp; path = ../../of_v0073_osx_release/addons/ofxOsc/src/ofxOscBundle.cpp; sourceTree = SOURCE_ROOT; };
		3c60e5c41705c91753124702f44ba547 /* ofxOscReceiver.cpp */ = {isa = PBXFileReference; explicitFileType = sourcecode.cpp.cpp; fileEncoding = 30; name = ofxOscReceiver.cpp; path = ../../of_v0073_osx_release/addons/ofxOsc/src/ofxOscReceiver.cpp; sourceTree = SOURCE_ROOT; };
		4d90e9c11dbf2dd07fd41afa6bb4e27a /* NetworkingUtilsWin.cpp */ = {isa = PBXFileReference; explicitFileType = sourcecode.cpp.cpp; fileEncoding = 30; name = NetworkingUtilsWin.cpp; path = ../../of_v0073_osx_release/addons/ofxOsc/libs/oscpack/src/ip/win32/NetworkingUtilsWin.cpp; sourceTree = SOURCE_ROOT; };
		503ca9ff0ea3488e20bfa3e88e72b30b /* OscTypes.h */ = {isa = PBXFileReference; explicitFileType = sourcecode.c.h; fileEncoding = 30; name = OscTypes.h; path = ../../of_v0073_osx_release/addons/ofxOsc/libs/oscpack/src/osc/OscTypes.h; sourceTree = SOURCE_ROOT; };
		594d59b14e311ea295e3507ecd48bf1a /* NetworkingUtils.cpp */ = {isa = PBXFileReference; explicitFileType = sourcecode.cpp.cpp; fileEncoding = 30; name = NetworkingUtils.cpp; path = ../../of_v0073_osx_release/addons/ofxOsc/libs/oscpack/src/ip/posix/NetworkingUtils.cpp; sourceTree = SOURCE_ROOT; };
		6081e19504721eba1ea84f937fa2840f /* PacketListener.h */ = {isa = PBXFileReference; explicitFileType = sourcecode.c.h; fileEncoding = 30; name = PacketListener.h; path = ../../of_v0073_osx_release/addons/ofxOsc/libs/oscpack/src/ip/PacketListener.h; sourceTree = SOURCE_ROOT; };
		702cf892ad9d91d7f384b4901b4e5113 /* IpEndpointName.cpp */ = {isa = PBXFileReference; explicitFileType = sourcecode.cpp.cpp; fileEncoding = 30; name = IpEndpointName.cpp; path = ../../of_v0073_osx_release/addons/ofxOsc/libs/oscpack/src/ip/IpEndpointName.cpp; sourceTree = SOURCE_ROOT; };
		739b2726590f3ccda060073734871ac6 /* OscException.h */ = {isa = PBXFileReference; explicitFileType = sourcecode.c.h; fileEncoding = 30; name = OscException.h; path = ../../of_v0073_osx_release/addons/ofxOsc/libs/oscpack/src/osc/OscException.h; sourceTree = SOURCE_ROOT; };
		7bf84945283dd4d8a633536124b91ec3 /* ofxOscMessage.cpp */ = {isa = PBXFileReference; explicitFileType = sourcecode.cpp.cpp; fileEncoding = 30; name = ofxOscMessage.cpp; path = ../../of_v0073_osx_release/addons/ofxOsc/src/ofxOscMessage.cpp; sourceTree = SOURCE_ROOT; };
		805034d589dd6e682af5c931bf2eb770 /* ofxOscReceiver.h */ = {isa = PBXFileReference; explicitFileType = sourcecode.c.h; fileEncoding = 30; name = ofxOscReceiver.h; path = ../../of_v0073_osx_release/addons/ofxOsc/src/ofxOscReceiver.h; sourceTree = SOURCE_ROOT; };
		874fc231d3e9d277457193b0da05a431 /* MessageMappingOscPacketListener.h */ = {isa = PBXFileReference; explicitFileType = sourcecode.c.h; fileEncoding = 30; name = MessageMappingOscPacketListener.h; path = ../../of_v0073_osx_release/addons/ofxOsc/libs/oscpack/src/osc/MessageMappingOscPacketListener.h; sourceTree = SOURCE_ROOT; };
		9042b2402f3cea58097dcb529f0ae47c /* OscPrintReceivedElements.cpp */ = {isa = PBXFileReference; explicitFileType = sourcecode.cpp.cpp; fileEncoding = 30; name = OscPrintReceivedElements.cpp; path = ../../of_v0073_osx_release/addons/ofxOsc/libs/oscpack/src/osc/OscPrintReceivedElements.cpp; sourceTree = SOURCE_ROOT; };
		98cf1bc1fbfdfb810a5d34fe9ec1764e /* UdpSocketWin.cpp */ = {isa = PBXFileReference; explicitFileType = sourcecode.cpp.cpp; fileEncoding = 30; name = UdpSocketWin.cpp; path = ../../of_v0073_osx_release/addons/ofxOsc/libs/oscpack/src/ip/win32/UdpSocketWin.cpp; sourceTree = SOURCE_ROOT; };
		9bcd4fc2562d87cbc5f58bab66ff16dc /* TimerListener.h */ = {isa = PBXFileReference; explicitFileType = sourcecode.c.h; fileEncoding = 30; name = TimerListener.h; path = ../../of_v0073_osx_release/addons/ofxOsc/libs/oscpack/src/ip/TimerListener.h; sourceTree = SOURCE_ROOT; };
		BBAB23BE13894E4700AA2426 /* GLUT.framework */ = {isa = PBXFileReference; lastKnownFileType = wrapper.framework; name = GLUT.framework; path = ../../of_v0073_osx_release/libs/glut/lib/osx/GLUT.framework; sourceTree = "<group>"; };
		E4328143138ABC890047C5CB /* openFrameworksLib.xcodeproj */ = {isa = PBXFileReference; lastKnownFileType = "wrapper.pb-project"; name = openFrameworksLib.xcodeproj; path = ../../of_v0073_osx_release/libs/openFrameworksCompiled/project/osx/openFrameworksLib.xcodeproj; sourceTree = SOURCE_ROOT; };
		E45BE9710E8CC7DD009D7055 /* AGL.framework */ = {isa = PBXFileReference; lastKnownFileType = wrapper.framework; name = AGL.framework; path = /System/Library/Frameworks/AGL.framework; sourceTree = "<absolute>"; };
		E45BE9720E8CC7DD009D7055 /* ApplicationServices.framework */ = {isa = PBXFileReference; lastKnownFileType = wrapper.framework; name = ApplicationServices.framework; path = /System/Library/Frameworks/ApplicationServices.framework; sourceTree = "<absolute>"; };
		E45BE9730E8CC7DD009D7055 /* AudioToolbox.framework */ = {isa = PBXFileReference; lastKnownFileType = wrapper.framework; name = AudioToolbox.framework; path = /System/Library/Frameworks/AudioToolbox.framework; sourceTree = "<absolute>"; };
		E45BE9740E8CC7DD009D7055 /* Carbon.framework */ = {isa = PBXFileReference; lastKnownFileType = wrapper.framework; name = Carbon.framework; path = /System/Library/Frameworks/Carbon.framework; sourceTree = "<absolute>"; };
		E45BE9750E8CC7DD009D7055 /* CoreAudio.framework */ = {isa = PBXFileReference; lastKnownFileType = wrapper.framework; name = CoreAudio.framework; path = /System/Library/Frameworks/CoreAudio.framework; sourceTree = "<absolute>"; };
		E45BE9760E8CC7DD009D7055 /* CoreFoundation.framework */ = {isa = PBXFileReference; lastKnownFileType = wrapper.framework; name = CoreFoundation.framework; path = /System/Library/Frameworks/CoreFoundation.framework; sourceTree = "<absolute>"; };
		E45BE9770E8CC7DD009D7055 /* CoreServices.framework */ = {isa = PBXFileReference; lastKnownFileType = wrapper.framework; name = CoreServices.framework; path = /System/Library/Frameworks/CoreServices.framework; sourceTree = "<absolute>"; };
		E45BE9790E8CC7DD009D7055 /* OpenGL.framework */ = {isa = PBXFileReference; lastKnownFileType = wrapper.framework; name = OpenGL.framework; path = /System/Library/Frameworks/OpenGL.framework; sourceTree = "<absolute>"; };
		E45BE97A0E8CC7DD009D7055 /* QuickTime.framework */ = {isa = PBXFileReference; lastKnownFileType = wrapper.framework; name = QuickTime.framework; path = /System/Library/Frameworks/QuickTime.framework; sourceTree = "<absolute>"; };
		E4B69B5B0A3A1756003C02F2 /* ofMapDebug.app */ = {isa = PBXFileReference; explicitFileType = wrapper.application; includeInIndex = 0; path = ofMapDebug.app; sourceTree = BUILT_PRODUCTS_DIR; };
		E4B6FCAD0C3E899E008CF71C /* openFrameworks-Info.plist */ = {isa = PBXFileReference; fileEncoding = 30; lastKnownFileType = text.plist.xml; path = "openFrameworks-Info.plist"; sourceTree = "<group>"; };
		E4C2424410CC5A17004149E2 /* AppKit.framework */ = {isa = PBXFileReference; lastKnownFileType = wrapper.framework; name = AppKit.framework; path = /System/Library/Frameworks/AppKit.framework; sourceTree = "<absolute>"; };
		E4C2424510CC5A17004149E2 /* Cocoa.framework */ = {isa = PBXFileReference; lastKnownFileType = wrapper.framework; name = Cocoa.framework; path = /System/Library/Frameworks/Cocoa.framework; sourceTree = "<absolute>"; };
		E4C2424610CC5A17004149E2 /* IOKit.framework */ = {isa = PBXFileReference; lastKnownFileType = wrapper.framework; name = IOKit.framework; path = /System/Library/Frameworks/IOKit.framework; sourceTree = "<absolute>"; };
		E4EB691F138AFCF100A09F29 /* CoreOF.xcconfig */ = {isa = PBXFileReference; fileEncoding = 4; lastKnownFileType = text.xcconfig; name = CoreOF.xcconfig; path = ../../of_v0073_osx_release/libs/openFrameworksCompiled/project/osx/CoreOF.xcconfig; sourceTree = SOURCE_ROOT; };
		E4EB6923138AFD0F00A09F29 /* Project.xcconfig */ = {isa = PBXFileReference; fileEncoding = 4; lastKnownFileType = text.xcconfig; path = Project.xcconfig; sourceTree = "<group>"; };
		E7E077E415D3B63C0020DFD4 /* CoreVideo.framework */ = {isa = PBXFileReference; lastKnownFileType = wrapper.framework; name = CoreVideo.framework; path = /System/Library/Frameworks/CoreVideo.framework; sourceTree = "<absolute>"; };
		E7E077E715D3B6510020DFD4 /* QTKit.framework */ = {isa = PBXFileReference; lastKnownFileType = wrapper.framework; name = QTKit.framework; path = /System/Library/Frameworks/QTKit.framework; sourceTree = "<absolute>"; };
		E7F985F515E0DE99003869B5 /* Accelerate.framework */ = {isa = PBXFileReference; lastKnownFileType = wrapper.framework; name = Accelerate.framework; path = /System/Library/Frameworks/Accelerate.framework; sourceTree = "<absolute>"; };
		a5d2064d3b4a70f3597972abc10515a3 /* UdpSocket.h */ = {isa = PBXFileReference; explicitFileType = sourcecode.c.h; fileEncoding = 30; name = UdpSocket.h; path = ../../of_v0073_osx_release/addons/ofxOsc/libs/oscpack/src/ip/UdpSocket.h; sourceTree = SOURCE_ROOT; };
		ad62d395df5cbc31d1caa5212440e54b /* ofxOscSender.h */ = {isa = PBXFileReference; explicitFileType = sourcecode.c.h; fileEncoding = 30; name = ofxOscSender.h; path = ../../of_v0073_osx_release/addons/ofxOsc/src/ofxOscSender.h; sourceTree = SOURCE_ROOT; };
		b7b27c672ef262e787db2ebb7767c8ff /* ofxOscArg.h */ = {isa = PBXFileReference; explicitFileType = sourcecode.c.h; fileEncoding = 30; name = ofxOscArg.h; path = ../../of_v0073_osx_release/addons/ofxOsc/src/ofxOscArg.h; sourceTree = SOURCE_ROOT; };
		c0da957413f62e109846da33a16b5c2f /* OscOutboundPacketStream.cpp */ = {isa = PBXFileReference; explicitFileType = sourcecode.cpp.cpp; fileEncoding = 30; name = OscOutboundPacketStream.cpp; path = ../../of_v0073_osx_release/addons/ofxOsc/libs/oscpack/src/osc/OscOutboundPacketStream.cpp; sourceTree = SOURCE_ROOT; };
		c21edaf4dc0870fa80a08426fec7c476 /* OscOutboundPacketStream.h */ = {isa = PBXFileReference; explicitFileType = sourcecode.c.h; fileEncoding = 30; name = OscOutboundPacketStream.h; path = ../../of_v0073_osx_release/addons/ofxOsc/libs/oscpack/src/osc/OscOutboundPacketStream.h; sourceTree = SOURCE_ROOT; };
		c54dc7a5c30cb956123a88cc294b91ab /* UdpSocket.cpp */ = {isa = PBXFileReference; explicitFileType = sourcecode.cpp.cpp; fileEncoding = 30; name = UdpSocket.cpp; path = ../../of_v0073_osx_release/addons/ofxOsc/libs/oscpack/src/ip/posix/UdpSocket.cpp; sourceTree = SOURCE_ROOT; };
		cfad9836d067f46db755159d3e8c495a /* OscPrintReceivedElements.h */ = {isa = PBXFileReference; explicitFileType = sourcecode.c.h; fileEncoding = 30; name = OscPrintReceivedElements.h; path = ../../of_v0073_osx_release/addons/ofxOsc/libs/oscpack/src/osc/OscPrintReceivedElements.h; sourceTree = SOURCE_ROOT; };
		d12f6f0c10806ed8ef477723a8f6be8f /* ofxOscSender.cpp */ = {isa = PBXFileReference; explicitFileType = sourcecode.cpp.cpp; fileEncoding = 30; name = ofxOscSender.cpp; path = ../../of_v0073_osx_release/addons/ofxOsc/src/ofxOscSender.cpp; sourceTree = SOURCE_ROOT; };
		d388000d0a38f0c9776f5d582009ace7 /* ofxOsc.h */ = {isa = PBXFileReference; explicitFileType = sourcecode.c.h; fileEncoding = 30; name = ofxOsc.h; path = ../../of_v0073_osx_release/addons/ofxOsc/src/ofxOsc.h; sourceTree = SOURCE_ROOT; };
		e51d3f393626525cb97275aaa35bdcf6 /* OscTypes.cpp */ = {isa = PBXFileReference; explicitFileType = sourcecode.cpp.cpp; fileEncoding = 30; name = OscTypes.cpp; path = ../../of_v0073_osx_release/addons/ofxOsc/libs/oscpack/src/osc/OscTypes.cpp; sourceTree = SOURCE_ROOT; };
		f194dfebcc706b28428804b9ec8ec276 /* NetworkingUtils.h */ = {isa = PBXFileReference; explicitFileType = sourcecode.c.h; fileEncoding = 30; name = NetworkingUtils.h; path = ../../of_v0073_osx_release/addons/ofxOsc/libs/oscpack/src/ip/NetworkingUtils.h; sourceTree = SOURCE_ROOT; };
		f2f24f34be1169ae898f0abaabad27f7 /* ofxOscMessage.h */ = {isa = PBXFileReference; explicitFileType = sourcecode.c.h; fileEncoding = 30; name = ofxOscMessage.h; path = ../../of_v0073_osx_release/addons/ofxOsc/src/ofxOscMessage.h; sourceTree = SOURCE_ROOT; };
		fb480e9b3d3b4e53a439af3374021eaf /* OscReceivedElements.cpp */ = {isa = PBXFileReference; explicitFileType = sourcecode.cpp.cpp; fileEncoding = 30; name = OscReceivedElements.cpp; path = ../../of_v0073_osx_release/addons/ofxOsc/libs/oscpack/src/osc/OscReceivedElements.cpp; sourceTree = SOURCE_ROOT; };
/* End PBXFileReference section */

/* Begin PBXFrameworksBuildPhase section */
		E4B69B590A3A1756003C02F2 /* Frameworks */ = {
			isa = PBXFrameworksBuildPhase;
			buildActionMask = 2147483647;
			files = (
				E7F985F815E0DEA3003869B5 /* Accelerate.framework in Frameworks */,
				E7E077E815D3B6510020DFD4 /* QTKit.framework in Frameworks */,
				E4EB6799138ADC1D00A09F29 /* GLUT.framework in Frameworks */,
				E4328149138ABC9F0047C5CB /* openFrameworksDebug.a in Frameworks */,
				E45BE97B0E8CC7DD009D7055 /* AGL.framework in Frameworks */,
				E45BE97C0E8CC7DD009D7055 /* ApplicationServices.framework in Frameworks */,
				E45BE97D0E8CC7DD009D7055 /* AudioToolbox.framework in Frameworks */,
				E45BE97E0E8CC7DD009D7055 /* Carbon.framework in Frameworks */,
				E45BE97F0E8CC7DD009D7055 /* CoreAudio.framework in Frameworks */,
				E45BE9800E8CC7DD009D7055 /* CoreFoundation.framework in Frameworks */,
				E45BE9810E8CC7DD009D7055 /* CoreServices.framework in Frameworks */,
				E45BE9830E8CC7DD009D7055 /* OpenGL.framework in Frameworks */,
				E45BE9840E8CC7DD009D7055 /* QuickTime.framework in Frameworks */,
				E4C2424710CC5A17004149E2 /* AppKit.framework in Frameworks */,
				E4C2424810CC5A17004149E2 /* Cocoa.framework in Frameworks */,
				E4C2424910CC5A17004149E2 /* IOKit.framework in Frameworks */,
				E7E077E515D3B63C0020DFD4 /* CoreVideo.framework in Frameworks */,
			);
			runOnlyForDeploymentPostprocessing = 0;
		};
/* End PBXFrameworksBuildPhase section */

/* Begin PBXGroup section */
		02DB187A16A8D0E9002B223B /* src */ = {
			isa = PBXGroup;
			children = (
				02DB18D016ACB1F3002B223B /* Layout.cpp */,
				02DB18D116ACB1F3002B223B /* Layout.h */,
				02DB18D216ACB1F3002B223B /* LocationData.h */,
				02DB18D316ACB1F3002B223B /* main.cpp */,
				02DB18D416ACB1F3002B223B /* testApp.cpp */,
				02DB18D516ACB1F3002B223B /* testApp.h */,
				02DB18D616ACB1F3002B223B /* TimeEvent.h */,
				02DB18DA16AE1DFF002B223B /* ofUI */,
				02DB188A16A8D0E9002B223B /* XMLReader */,
			);
			path = src;
			sourceTree = "<group>";
		};
		02DB188A16A8D0E9002B223B /* XMLReader */ = {
			isa = PBXGroup;
			children = (
				02DB188B16A8D0E9002B223B /* tinyxml.cpp */,
				02DB188C16A8D0E9002B223B /* tinyxml.h */,
				02DB188D16A8D0E9002B223B /* tinyxmlerror.cpp */,
				02DB188E16A8D0E9002B223B /* tinyxmlparser.cpp */,
			);
			path = XMLReader;
			sourceTree = "<group>";
		};
		02DB18DA16AE1DFF002B223B /* ofUI */ = {
			isa = PBXGroup;
			children = (
				02DB18DB16AE1DFF002B223B /* ofUIButton.cpp */,
				02DB18DC16AE1DFF002B223B /* ofUIButton.h */,
				02DB18DD16AE1DFF002B223B /* ofUIButtonHandler.cpp */,
				02DB18DE16AE1DFF002B223B /* ofUIButtonHandler.h */,
				02DB18DF16AE1DFF002B223B /* ofUIDropDownMenu.cpp */,
				02DB18E016AE1DFF002B223B /* ofUIDropDownMenu.h */,
				02DB18E116AE1DFF002B223B /* ofUIFrameView.cpp */,
				02DB18E216AE1DFF002B223B /* ofUIFrameView.h */,
				02DB18E316AE1DFF002B223B /* ofUIImageButton.cpp */,
				02DB18E416AE1DFF002B223B /* ofUIImageButton.h */,
				02DB18E516AE1DFF002B223B /* ofUIMainView.cpp */,
				02DB18E616AE1DFF002B223B /* ofUIMainView.h */,
				02DB18E716AE1DFF002B223B /* ofUIObject.h */,
				02DB18E816AE1DFF002B223B /* ofUIRadioButton.cpp */,
				02DB18E916AE1DFF002B223B /* ofUIRadioButton.h */,
				02DB18EA16AE1DFF002B223B /* ofUIScrollView.cpp */,
				02DB18EB16AE1DFF002B223B /* ofUIScrollView.h */,
				02DB18EC16AE1DFF002B223B /* ofUISlider.cpp */,
				02DB18ED16AE1DFF002B223B /* ofUISlider.h */,
				02DB18EE16AE1DFF002B223B /* ofUIStaticText.cpp */,
				02DB18EF16AE1DFF002B223B /* ofUIStaticText.h */,
				02DB18F016AE1DFF002B223B /* ofUISubView.cpp */,
				02DB18F116AE1DFF002B223B /* ofUISubView.h */,
				02DB18F216AE1DFF002B223B /* ofUITabView.cpp */,
				02DB18F316AE1DFF002B223B /* ofUITabView.h */,
				02DB18F416AE1DFF002B223B /* ofUITextField.cpp */,
				02DB18F516AE1DFF002B223B /* ofUITextField.h */,
				02DB18F616AE1DFF002B223B /* ofUITextFieldHandler.cpp */,
				02DB18F716AE1DFF002B223B /* ofUITextFieldHandler.h */,
				02DB18F816AE1DFF002B223B /* ofUIView.cpp */,
				02DB18F916AE1DFF002B223B /* ofUIView.h */,
				02DB18FA16AE1DFF002B223B /* ofUIViewContainer.cpp */,
				02DB18FB16AE1DFF002B223B /* ofUIViewContainer.h */,
			);
			path = ofUI;
			sourceTree = "<group>";
		};
		30cb364908817057b430d52805394cbc /* osc */ = {
			isa = PBXGroup;
			children = (
				874fc231d3e9d277457193b0da05a431 /* MessageMappingOscPacketListener.h */,
				739b2726590f3ccda060073734871ac6 /* OscException.h */,
				04d4d13c8a2c92432a92a0d66267690a /* OscHostEndianness.h */,
				c0da957413f62e109846da33a16b5c2f /* OscOutboundPacketStream.cpp */,
				c21edaf4dc0870fa80a08426fec7c476 /* OscOutboundPacketStream.h */,
				192f62a6b3f97900aba3a53375cc1b05 /* OscPacketListener.h */,
				9042b2402f3cea58097dcb529f0ae47c /* OscPrintReceivedElements.cpp */,
				cfad9836d067f46db755159d3e8c495a /* OscPrintReceivedElements.h */,
				fb480e9b3d3b4e53a439af3374021eaf /* OscReceivedElements.cpp */,
				2bfd3f4a89dff9b63275d9e18d7ec30c /* OscReceivedElements.h */,
				e51d3f393626525cb97275aaa35bdcf6 /* OscTypes.cpp */,
				503ca9ff0ea3488e20bfa3e88e72b30b /* OscTypes.h */,
			);
			name = osc;
			sourceTree = "<group>";
		};
		38871a5825686ae018ec2bf0e450fdae /* libs */ = {
			isa = PBXGroup;
			children = (
				86d2677079a3af4a5a88e29a7243e442 /* oscpack */,
			);
			name = libs;
			sourceTree = "<group>";
		};
		641362ca659fafee4e81001be7d8d43c /* posix */ = {
			isa = PBXGroup;
			children = (
				594d59b14e311ea295e3507ecd48bf1a /* NetworkingUtils.cpp */,
				c54dc7a5c30cb956123a88cc294b91ab /* UdpSocket.cpp */,
			);
			name = posix;
			sourceTree = "<group>";
		};
		86d2677079a3af4a5a88e29a7243e442 /* oscpack */ = {
			isa = PBXGroup;
			children = (
				d27b2221a225ca523c01967633d9bd60 /* src */,
			);
			name = oscpack;
			sourceTree = "<group>";
		};
		BB4B014C10F69532006C3DED /* addons */ = {
			isa = PBXGroup;
			children = (
				e6053ab7fec63d5f83825b880ce53c41 /* ofxOsc */,
			);
			name = addons;
			sourceTree = "<group>";
		};
		BBAB23C913894ECA00AA2426 /* system frameworks */ = {
			isa = PBXGroup;
			children = (
				E7F985F515E0DE99003869B5 /* Accelerate.framework */,
				E4C2424410CC5A17004149E2 /* AppKit.framework */,
				E4C2424510CC5A17004149E2 /* Cocoa.framework */,
				E4C2424610CC5A17004149E2 /* IOKit.framework */,
				E45BE9710E8CC7DD009D7055 /* AGL.framework */,
				E45BE9720E8CC7DD009D7055 /* ApplicationServices.framework */,
				E45BE9730E8CC7DD009D7055 /* AudioToolbox.framework */,
				E45BE9740E8CC7DD009D7055 /* Carbon.framework */,
				E45BE9750E8CC7DD009D7055 /* CoreAudio.framework */,
				E45BE9760E8CC7DD009D7055 /* CoreFoundation.framework */,
				E45BE9770E8CC7DD009D7055 /* CoreServices.framework */,
				E45BE9790E8CC7DD009D7055 /* OpenGL.framework */,
				E45BE97A0E8CC7DD009D7055 /* QuickTime.framework */,
				E7E077E415D3B63C0020DFD4 /* CoreVideo.framework */,
				E7E077E715D3B6510020DFD4 /* QTKit.framework */,
			);
			name = "system frameworks";
			sourceTree = "<group>";
		};
		BBAB23CA13894EDB00AA2426 /* 3rd party frameworks */ = {
			isa = PBXGroup;
			children = (
				BBAB23BE13894E4700AA2426 /* GLUT.framework */,
			);
			name = "3rd party frameworks";
			sourceTree = "<group>";
		};
		E4328144138ABC890047C5CB /* Products */ = {
			isa = PBXGroup;
			children = (
				E4328148138ABC890047C5CB /* openFrameworksDebug.a */,
			);
			name = Products;
			sourceTree = "<group>";
		};
		E45BE5980E8CC70C009D7055 /* frameworks */ = {
			isa = PBXGroup;
			children = (
				BBAB23CA13894EDB00AA2426 /* 3rd party frameworks */,
				BBAB23C913894ECA00AA2426 /* system frameworks */,
			);
			name = frameworks;
			sourceTree = "<group>";
		};
		E4B69B4A0A3A1720003C02F2 = {
			isa = PBXGroup;
			children = (
				E4B6FCAD0C3E899E008CF71C /* openFrameworks-Info.plist */,
				E4EB6923138AFD0F00A09F29 /* Project.xcconfig */,
				02DB187A16A8D0E9002B223B /* src */,
				E4EEC9E9138DF44700A80321 /* openFrameworks */,
				BB4B014C10F69532006C3DED /* addons */,
				E45BE5980E8CC70C009D7055 /* frameworks */,
				E4B69B5B0A3A1756003C02F2 /* ofMapDebug.app */,
			);
			sourceTree = "<group>";
		};
		E4EEC9E9138DF44700A80321 /* openFrameworks */ = {
			isa = PBXGroup;
			children = (
				E4EB691F138AFCF100A09F29 /* CoreOF.xcconfig */,
				E4328143138ABC890047C5CB /* openFrameworksLib.xcodeproj */,
			);
			name = openFrameworks;
			sourceTree = "<group>";
		};
		ba6760ac87647dd61a92bd416dbd7a9c /* win32 */ = {
			isa = PBXGroup;
			children = (
				4d90e9c11dbf2dd07fd41afa6bb4e27a /* NetworkingUtilsWin.cpp */,
				98cf1bc1fbfdfb810a5d34fe9ec1764e /* UdpSocketWin.cpp */,
			);
			name = win32;
			sourceTree = "<group>";
		};
		bd2f1a9f8d0c05edb29122d00a67c2a2 /* src */ = {
			isa = PBXGroup;
			children = (
				d388000d0a38f0c9776f5d582009ace7 /* ofxOsc.h */,
				b7b27c672ef262e787db2ebb7767c8ff /* ofxOscArg.h */,
				3936412f85354258d9592ee93a2b060a /* ofxOscBundle.cpp */,
				04ab4b6de84bc5aba00b6a8716c6705a /* ofxOscBundle.h */,
				7bf84945283dd4d8a633536124b91ec3 /* ofxOscMessage.cpp */,
				f2f24f34be1169ae898f0abaabad27f7 /* ofxOscMessage.h */,
				3c60e5c41705c91753124702f44ba547 /* ofxOscReceiver.cpp */,
				805034d589dd6e682af5c931bf2eb770 /* ofxOscReceiver.h */,
				d12f6f0c10806ed8ef477723a8f6be8f /* ofxOscSender.cpp */,
				ad62d395df5cbc31d1caa5212440e54b /* ofxOscSender.h */,
			);
			name = src;
			sourceTree = "<group>";
		};
		d27b2221a225ca523c01967633d9bd60 /* src */ = {
			isa = PBXGroup;
			children = (
				ff8cdf57858e9b94e3237115f4d7aa09 /* ip */,
				30cb364908817057b430d52805394cbc /* osc */,
			);
			name = src;
			sourceTree = "<group>";
		};
		e6053ab7fec63d5f83825b880ce53c41 /* ofxOsc */ = {
			isa = PBXGroup;
			children = (
				bd2f1a9f8d0c05edb29122d00a67c2a2 /* src */,
				38871a5825686ae018ec2bf0e450fdae /* libs */,
			);
			name = ofxOsc;
			sourceTree = "<group>";
		};
		ff8cdf57858e9b94e3237115f4d7aa09 /* ip */ = {
			isa = PBXGroup;
			children = (
				702cf892ad9d91d7f384b4901b4e5113 /* IpEndpointName.cpp */,
				19480e9789d6cfc3961d7f3517f62acb /* IpEndpointName.h */,
				f194dfebcc706b28428804b9ec8ec276 /* NetworkingUtils.h */,
				6081e19504721eba1ea84f937fa2840f /* PacketListener.h */,
				641362ca659fafee4e81001be7d8d43c /* posix */,
				9bcd4fc2562d87cbc5f58bab66ff16dc /* TimerListener.h */,
				a5d2064d3b4a70f3597972abc10515a3 /* UdpSocket.h */,
				ba6760ac87647dd61a92bd416dbd7a9c /* win32 */,
			);
			name = ip;
			sourceTree = "<group>";
		};
/* End PBXGroup section */

/* Begin PBXNativeTarget section */
		E4B69B5A0A3A1756003C02F2 /* ofMap */ = {
			isa = PBXNativeTarget;
			buildConfigurationList = E4B69B5F0A3A1757003C02F2 /* Build configuration list for PBXNativeTarget "ofMap" */;
			buildPhases = (
				E4B69B580A3A1756003C02F2 /* Sources */,
				E4B69B590A3A1756003C02F2 /* Frameworks */,
				E4B6FFFD0C3F9AB9008CF71C /* ShellScript */,
				E4C2427710CC5ABF004149E2 /* CopyFiles */,
			);
			buildRules = (
			);
			dependencies = (
				E4EEB9AC138B136A00A80321 /* PBXTargetDependency */,
			);
			name = ofMap;
			productName = myOFApp;
			productReference = E4B69B5B0A3A1756003C02F2 /* ofMapDebug.app */;
			productType = "com.apple.product-type.application";
		};
/* End PBXNativeTarget section */

/* Begin PBXProject section */
		E4B69B4C0A3A1720003C02F2 /* Project object */ = {
			isa = PBXProject;
			buildConfigurationList = E4B69B4D0A3A1720003C02F2 /* Build configuration list for PBXProject "ofMap" */;
			compatibilityVersion = "Xcode 2.4";
			developmentRegion = English;
			hasScannedForEncodings = 0;
			knownRegions = (
				English,
				Japanese,
				French,
				German,
			);
			mainGroup = E4B69B4A0A3A1720003C02F2;
			productRefGroup = E4B69B4A0A3A1720003C02F2;
			projectDirPath = "";
			projectReferences = (
				{
					ProductGroup = E4328144138ABC890047C5CB /* Products */;
					ProjectRef = E4328143138ABC890047C5CB /* openFrameworksLib.xcodeproj */;
				},
			);
			projectRoot = "";
			targets = (
				E4B69B5A0A3A1756003C02F2 /* ofMap */,
			);
		};
/* End PBXProject section */

/* Begin PBXReferenceProxy section */
		E4328148138ABC890047C5CB /* openFrameworksDebug.a */ = {
			isa = PBXReferenceProxy;
			fileType = archive.ar;
			path = openFrameworksDebug.a;
			remoteRef = E4328147138ABC890047C5CB /* PBXContainerItemProxy */;
			sourceTree = BUILT_PRODUCTS_DIR;
		};
/* End PBXReferenceProxy section */

/* Begin PBXShellScriptBuildPhase section */
		E4B6FFFD0C3F9AB9008CF71C /* ShellScript */ = {
			isa = PBXShellScriptBuildPhase;
			buildActionMask = 2147483647;
			files = (
			);
			inputPaths = (
			);
			outputPaths = (
			);
			runOnlyForDeploymentPostprocessing = 0;
			shellPath = /bin/sh;
			shellScript = "cp -f ../../of_v0073_osx_release/libs/fmodex/lib/osx/libfmodex.dylib \"$TARGET_BUILD_DIR/$PRODUCT_NAME.app/Contents/MacOS/libfmodex.dylib\"; install_name_tool -change ./libfmodex.dylib @executable_path/libfmodex.dylib \"$TARGET_BUILD_DIR/$PRODUCT_NAME.app/Contents/MacOS/$PRODUCT_NAME\";";
		};
/* End PBXShellScriptBuildPhase section */

/* Begin PBXSourcesBuildPhase section */
		E4B69B580A3A1756003C02F2 /* Sources */ = {
			isa = PBXSourcesBuildPhase;
			buildActionMask = 2147483647;
			files = (
				a7163a385b33f4ef9b8f62a56a8acf61 /* ofxOscBundle.cpp in Sources */,
				e24b8224a702be1c30f6de10d2b9e7e4 /* ofxOscMessage.cpp in Sources */,
				cf76c904009f22aa756cb40dbf209da1 /* ofxOscReceiver.cpp in Sources */,
				4da831302ed16f199d7beba43bd1670f /* ofxOscSender.cpp in Sources */,
				2613c36cbc970db3c2ee3f8bded42045 /* IpEndpointName.cpp in Sources */,
				1e1b4f76ba31512e5ac28e624d630b24 /* NetworkingUtils.cpp in Sources */,
				035f125683ef112b263ff275ba2349ab /* UdpSocket.cpp in Sources */,
				8238a2bcf90200bd14497b5c8920b2ad /* NetworkingUtilsWin.cpp in Sources */,
				84e44d5c0bd9bfa84a14ee9e0fd754ef /* UdpSocketWin.cpp in Sources */,
				7ad9e5a4126124aae490c49524cbcdfb /* OscOutboundPacketStream.cpp in Sources */,
				9b986b58e3be9c6799df6bb10a406097 /* OscPrintReceivedElements.cpp in Sources */,
				c9cbb1e58b9c8a8e31f6fa797b994b86 /* OscReceivedElements.cpp in Sources */,
				e8ec30c1a97526a27cd560a4ef0d07b5 /* OscTypes.cpp in Sources */,
				02DB189516A8D0E9002B223B /* tinyxml.cpp in Sources */,
				02DB189616A8D0E9002B223B /* tinyxmlerror.cpp in Sources */,
				02DB189716A8D0E9002B223B /* tinyxmlparser.cpp in Sources */,
				02DB18D716ACB1F3002B223B /* Layout.cpp in Sources */,
				02DB18D816ACB1F3002B223B /* main.cpp in Sources */,
				02DB18D916ACB1F3002B223B /* testApp.cpp in Sources */,
				02DB18FC16AE1DFF002B223B /* ofUIButton.cpp in Sources */,
				02DB18FD16AE1DFF002B223B /* ofUIButtonHandler.cpp in Sources */,
				02DB18FE16AE1DFF002B223B /* ofUIDropDownMenu.cpp in Sources */,
				02DB18FF16AE1DFF002B223B /* ofUIFrameView.cpp in Sources */,
				02DB190016AE1DFF002B223B /* ofUIImageButton.cpp in Sources */,
				02DB190116AE1DFF002B223B /* ofUIMainView.cpp in Sources */,
				02DB190216AE1DFF002B223B /* ofUIRadioButton.cpp in Sources */,
				02DB190316AE1DFF002B223B /* ofUIScrollView.cpp in Sources */,
				02DB190416AE1DFF002B223B /* ofUISlider.cpp in Sources */,
				02DB190516AE1DFF002B223B /* ofUIStaticText.cpp in Sources */,
				02DB190616AE1DFF002B223B /* ofUISubView.cpp in Sources */,
				02DB190716AE1DFF002B223B /* ofUITabView.cpp in Sources */,
				02DB190816AE1DFF002B223B /* ofUITextField.cpp in Sources */,
				02DB190916AE1DFF002B223B /* ofUITextFieldHandler.cpp in Sources */,
				02DB190A16AE1DFF002B223B /* ofUIView.cpp in Sources */,
				02DB190B16AE1DFF002B223B /* ofUIViewContainer.cpp in Sources */,
			);
			runOnlyForDeploymentPostprocessing = 0;
		};
/* End PBXSourcesBuildPhase section */

/* Begin PBXTargetDependency section */
		E4EEB9AC138B136A00A80321 /* PBXTargetDependency */ = {
			isa = PBXTargetDependency;
			name = openFrameworks;
			targetProxy = E4EEB9AB138B136A00A80321 /* PBXContainerItemProxy */;
		};
/* End PBXTargetDependency section */

/* Begin XCBuildConfiguration section */
		E4B69B4E0A3A1720003C02F2 /* Debug */ = {
			isa = XCBuildConfiguration;
			baseConfigurationReference = E4EB6923138AFD0F00A09F29 /* Project.xcconfig */;
			buildSettings = {
				ARCHS = "$(NATIVE_ARCH)";
				CONFIGURATION_BUILD_DIR = "$(SRCROOT)/bin/";
				COPY_PHASE_STRIP = NO;
				DEAD_CODE_STRIPPING = YES;
				GCC_AUTO_VECTORIZATION = YES;
				GCC_ENABLE_SSE3_EXTENSIONS = YES;
				GCC_ENABLE_SUPPLEMENTAL_SSE3_INSTRUCTIONS = YES;
				GCC_INLINES_ARE_PRIVATE_EXTERN = NO;
				GCC_OPTIMIZATION_LEVEL = 0;
				GCC_SYMBOLS_PRIVATE_EXTERN = NO;
				GCC_WARN_ABOUT_DEPRECATED_FUNCTIONS = YES;
				GCC_WARN_ABOUT_INVALID_OFFSETOF_MACRO = NO;
				GCC_WARN_ALLOW_INCOMPLETE_PROTOCOL = NO;
				GCC_WARN_UNINITIALIZED_AUTOS = NO;
				GCC_WARN_UNUSED_VALUE = NO;
				GCC_WARN_UNUSED_VARIABLE = NO;
				HEADER_SEARCH_PATHS = (
					"$(OF_CORE_HEADERS)",
					../../of_v0073_osx_release/addons/ofxOsc/libs,
					../../of_v0073_osx_release/addons/ofxOsc/libs/oscpack,
					../../of_v0073_osx_release/addons/ofxOsc/libs/oscpack/src,
					../../of_v0073_osx_release/addons/ofxOsc/libs/oscpack/src/ip,
					../../of_v0073_osx_release/addons/ofxOsc/libs/oscpack/src/ip/posix,
					../../of_v0073_osx_release/addons/ofxOsc/libs/oscpack/src/ip/win32,
					../../of_v0073_osx_release/addons/ofxOsc/libs/oscpack/src/osc,
					../../of_v0073_osx_release/addons/ofxOsc/src,
					/opt/local/include,
				);
				OTHER_CPLUSPLUSFLAGS = (
					"-D__MACOSX_CORE__",
					"-lpthread",
					"-mtune=native",
				);
				SDKROOT = "";
			};
			name = Debug;
		};
		E4B69B4F0A3A1720003C02F2 /* Release */ = {
			isa = XCBuildConfiguration;
			baseConfigurationReference = E4EB6923138AFD0F00A09F29 /* Project.xcconfig */;
			buildSettings = {
				ARCHS = "$(NATIVE_ARCH)";
				CONFIGURATION_BUILD_DIR = "$(SRCROOT)/bin/";
				COPY_PHASE_STRIP = YES;
				DEAD_CODE_STRIPPING = YES;
				GCC_AUTO_VECTORIZATION = YES;
				GCC_ENABLE_SSE3_EXTENSIONS = YES;
				GCC_ENABLE_SUPPLEMENTAL_SSE3_INSTRUCTIONS = YES;
				GCC_INLINES_ARE_PRIVATE_EXTERN = NO;
				GCC_OPTIMIZATION_LEVEL = 3;
				GCC_SYMBOLS_PRIVATE_EXTERN = NO;
				GCC_UNROLL_LOOPS = YES;
				GCC_WARN_ABOUT_DEPRECATED_FUNCTIONS = YES;
				GCC_WARN_ABOUT_INVALID_OFFSETOF_MACRO = NO;
				GCC_WARN_ALLOW_INCOMPLETE_PROTOCOL = NO;
				GCC_WARN_UNINITIALIZED_AUTOS = NO;
				GCC_WARN_UNUSED_VALUE = NO;
				GCC_WARN_UNUSED_VARIABLE = NO;
				HEADER_SEARCH_PATHS = (
					"$(OF_CORE_HEADERS)",
					../../of_v0073_osx_release/addons/ofxOsc/libs,
					../../of_v0073_osx_release/addons/ofxOsc/libs/oscpack,
					../../of_v0073_osx_release/addons/ofxOsc/libs/oscpack/src,
					../../of_v0073_osx_release/addons/ofxOsc/libs/oscpack/src/ip,
					../../of_v0073_osx_release/addons/ofxOsc/libs/oscpack/src/ip/posix,
					../../of_v0073_osx_release/addons/ofxOsc/libs/oscpack/src/ip/win32,
					../../of_v0073_osx_release/addons/ofxOsc/libs/oscpack/src/osc,
					../../of_v0073_osx_release/addons/ofxOsc/src,
					/opt/local/include,
				);
				OTHER_CPLUSPLUSFLAGS = (
					"-D__MACOSX_CORE__",
					"-lpthread",
					"-mtune=native",
				);
				SDKROOT = "";
			};
			name = Release;
		};
		E4B69B600A3A1757003C02F2 /* Debug */ = {
			isa = XCBuildConfiguration;
			buildSettings = {
				COPY_PHASE_STRIP = NO;
				FRAMEWORK_SEARCH_PATHS = (
					"$(inherited)",
					"$(FRAMEWORK_SEARCH_PATHS_QUOTED_FOR_TARGET_1)",
				);
				FRAMEWORK_SEARCH_PATHS_QUOTED_FOR_TARGET_1 = "\"$(SRCROOT)/../../of_v0073_osx_release/libs/glut/lib/osx\"";
				GCC_DYNAMIC_NO_PIC = NO;
				GCC_ENABLE_FIX_AND_CONTINUE = YES;
				GCC_GENERATE_DEBUGGING_SYMBOLS = YES;
				GCC_MODEL_TUNING = NONE;
				GCC_PRECOMPILE_PREFIX_HEADER = YES;
				GCC_PREFIX_HEADER = "$(SYSTEM_LIBRARY_DIR)/Frameworks/Carbon.framework/Headers/Carbon.h";
				INFOPLIST_FILE = "openFrameworks-Info.plist";
				INSTALL_PATH = "$(HOME)/Applications";
				LIBRARY_SEARCH_PATHS = (
					"$(inherited)",
					"$(LIBRARY_SEARCH_PATHS_QUOTED_FOR_TARGET_1)",
					"$(LIBRARY_SEARCH_PATHS_QUOTED_FOR_TARGET_2)",
					"$(LIBRARY_SEARCH_PATHS_QUOTED_FOR_TARGET_3)",
					"$(LIBRARY_SEARCH_PATHS_QUOTED_FOR_TARGET_4)",
					"$(LIBRARY_SEARCH_PATHS_QUOTED_FOR_TARGET_5)",
					"$(LIBRARY_SEARCH_PATHS_QUOTED_FOR_TARGET_6)",
					"$(LIBRARY_SEARCH_PATHS_QUOTED_FOR_TARGET_7)",
					"$(LIBRARY_SEARCH_PATHS_QUOTED_FOR_TARGET_8)",
					"$(LIBRARY_SEARCH_PATHS_QUOTED_FOR_TARGET_9)",
					"$(LIBRARY_SEARCH_PATHS_QUOTED_FOR_TARGET_10)",
					"$(LIBRARY_SEARCH_PATHS_QUOTED_FOR_TARGET_11)",
					"$(LIBRARY_SEARCH_PATHS_QUOTED_FOR_TARGET_12)",
					"$(LIBRARY_SEARCH_PATHS_QUOTED_FOR_TARGET_13)",
					"$(LIBRARY_SEARCH_PATHS_QUOTED_FOR_TARGET_14)",
					"$(LIBRARY_SEARCH_PATHS_QUOTED_FOR_TARGET_15)",
					"$(LIBRARY_SEARCH_PATHS_QUOTED_FOR_TARGET_2)",
					"$(LIBRARY_SEARCH_PATHS_QUOTED_FOR_TARGET_3)",
					"$(LIBRARY_SEARCH_PATHS_QUOTED_FOR_TARGET_7)",
					"$(LIBRARY_SEARCH_PATHS_QUOTED_FOR_TARGET_8)",
					"$(LIBRARY_SEARCH_PATHS_QUOTED_FOR_TARGET_9)",
					"$(LIBRARY_SEARCH_PATHS_QUOTED_FOR_TARGET_10)",
					"$(LIBRARY_SEARCH_PATHS_QUOTED_FOR_TARGET_11)",
					"$(LIBRARY_SEARCH_PATHS_QUOTED_FOR_TARGET_12)",
					"$(LIBRARY_SEARCH_PATHS_QUOTED_FOR_TARGET_13)",
					"$(LIBRARY_SEARCH_PATHS_QUOTED_FOR_TARGET_16)",
					"$(LIBRARY_SEARCH_PATHS_QUOTED_FOR_TARGET_17)",
					"$(LIBRARY_SEARCH_PATHS_QUOTED_FOR_TARGET_18)",
					"$(LIBRARY_SEARCH_PATHS_QUOTED_FOR_TARGET_19)",
					"$(LIBRARY_SEARCH_PATHS_QUOTED_FOR_TARGET_20)",
					"$(LIBRARY_SEARCH_PATHS_QUOTED_FOR_TARGET_21)",
					"$(LIBRARY_SEARCH_PATHS_QUOTED_FOR_TARGET_22)",
					"$(LIBRARY_SEARCH_PATHS_QUOTED_FOR_TARGET_23)",
					"$(LIBRARY_SEARCH_PATHS_QUOTED_FOR_TARGET_24)",
					"$(LIBRARY_SEARCH_PATHS_QUOTED_FOR_TARGET_25)",
					"$(LIBRARY_SEARCH_PATHS_QUOTED_FOR_TARGET_26)",
					"$(LIBRARY_SEARCH_PATHS_QUOTED_FOR_TARGET_27)",
					"$(LIBRARY_SEARCH_PATHS_QUOTED_FOR_TARGET_28)",
					"$(LIBRARY_SEARCH_PATHS_QUOTED_FOR_TARGET_29)",
					"$(LIBRARY_SEARCH_PATHS_QUOTED_FOR_TARGET_30)",
					"$(LIBRARY_SEARCH_PATHS_QUOTED_FOR_TARGET_31)",
					"$(LIBRARY_SEARCH_PATHS_QUOTED_FOR_TARGET_32)",
					"$(LIBRARY_SEARCH_PATHS_QUOTED_FOR_TARGET_33)",
					"$(LIBRARY_SEARCH_PATHS_QUOTED_FOR_TARGET_34)",
					"$(LIBRARY_SEARCH_PATHS_QUOTED_FOR_TARGET_35)",
					"$(LIBRARY_SEARCH_PATHS_QUOTED_FOR_TARGET_36)",
					"$(LIBRARY_SEARCH_PATHS_QUOTED_FOR_TARGET_37)",
					"$(LIBRARY_SEARCH_PATHS_QUOTED_FOR_TARGET_38)",
					"$(LIBRARY_SEARCH_PATHS_QUOTED_FOR_TARGET_39)",
					"$(LIBRARY_SEARCH_PATHS_QUOTED_FOR_TARGET_40)",
					"$(LIBRARY_SEARCH_PATHS_QUOTED_FOR_TARGET_41)",
					"$(LIBRARY_SEARCH_PATHS_QUOTED_FOR_TARGET_42)",
					"$(LIBRARY_SEARCH_PATHS_QUOTED_FOR_TARGET_43)",
					"$(LIBRARY_SEARCH_PATHS_QUOTED_FOR_TARGET_44)",
					"$(LIBRARY_SEARCH_PATHS_QUOTED_FOR_TARGET_45)",
					"$(LIBRARY_SEARCH_PATHS_QUOTED_FOR_TARGET_46)",
					"$(LIBRARY_SEARCH_PATHS_QUOTED_FOR_TARGET_47)",
					"$(LIBRARY_SEARCH_PATHS_QUOTED_FOR_TARGET_48)",
					"$(LIBRARY_SEARCH_PATHS_QUOTED_FOR_TARGET_49)",
					"$(LIBRARY_SEARCH_PATHS_QUOTED_FOR_TARGET_50)",
					"$(LIBRARY_SEARCH_PATHS_QUOTED_FOR_TARGET_51)",
					"$(LIBRARY_SEARCH_PATHS_QUOTED_FOR_TARGET_52)",
				);
				PREBINDING = NO;
				PRODUCT_NAME = ofMapDebug;
				WRAPPER_EXTENSION = app;
			};
			name = Debug;
		};
		E4B69B610A3A1757003C02F2 /* Release */ = {
			isa = XCBuildConfiguration;
			buildSettings = {
				COPY_PHASE_STRIP = YES;
				FRAMEWORK_SEARCH_PATHS = (
					"$(inherited)",
					"$(FRAMEWORK_SEARCH_PATHS_QUOTED_FOR_TARGET_1)",
				);
				FRAMEWORK_SEARCH_PATHS_QUOTED_FOR_TARGET_1 = "\"$(SRCROOT)/../../of_v0073_osx_release/libs/glut/lib/osx\"";
				GCC_ENABLE_FIX_AND_CONTINUE = NO;
				GCC_GENERATE_DEBUGGING_SYMBOLS = YES;
				GCC_MODEL_TUNING = NONE;
				GCC_PRECOMPILE_PREFIX_HEADER = YES;
				GCC_PREFIX_HEADER = "$(SYSTEM_LIBRARY_DIR)/Frameworks/Carbon.framework/Headers/Carbon.h";
				INFOPLIST_FILE = "openFrameworks-Info.plist";
				INSTALL_PATH = "$(HOME)/Applications";
				LIBRARY_SEARCH_PATHS = (
					"$(inherited)",
					"$(LIBRARY_SEARCH_PATHS_QUOTED_FOR_TARGET_1)",
					"$(LIBRARY_SEARCH_PATHS_QUOTED_FOR_TARGET_2)",
					"$(LIBRARY_SEARCH_PATHS_QUOTED_FOR_TARGET_3)",
					"$(LIBRARY_SEARCH_PATHS_QUOTED_FOR_TARGET_4)",
					"$(LIBRARY_SEARCH_PATHS_QUOTED_FOR_TARGET_5)",
					"$(LIBRARY_SEARCH_PATHS_QUOTED_FOR_TARGET_6)",
					"$(LIBRARY_SEARCH_PATHS_QUOTED_FOR_TARGET_7)",
					"$(LIBRARY_SEARCH_PATHS_QUOTED_FOR_TARGET_8)",
					"$(LIBRARY_SEARCH_PATHS_QUOTED_FOR_TARGET_9)",
					"$(LIBRARY_SEARCH_PATHS_QUOTED_FOR_TARGET_10)",
					"$(LIBRARY_SEARCH_PATHS_QUOTED_FOR_TARGET_11)",
					"$(LIBRARY_SEARCH_PATHS_QUOTED_FOR_TARGET_12)",
					"$(LIBRARY_SEARCH_PATHS_QUOTED_FOR_TARGET_13)",
					"$(LIBRARY_SEARCH_PATHS_QUOTED_FOR_TARGET_14)",
					"$(LIBRARY_SEARCH_PATHS_QUOTED_FOR_TARGET_15)",
					"$(LIBRARY_SEARCH_PATHS_QUOTED_FOR_TARGET_2)",
					"$(LIBRARY_SEARCH_PATHS_QUOTED_1)",
					"$(LIBRARY_SEARCH_PATHS_QUOTED_FOR_TARGET_3)",
					"$(LIBRARY_SEARCH_PATHS_QUOTED_FOR_TARGET_7)",
					"$(LIBRARY_SEARCH_PATHS_QUOTED_FOR_TARGET_8)",
					"$(LIBRARY_SEARCH_PATHS_QUOTED_FOR_TARGET_9)",
					"$(LIBRARY_SEARCH_PATHS_QUOTED_FOR_TARGET_10)",
					"$(LIBRARY_SEARCH_PATHS_QUOTED_FOR_TARGET_11)",
					"$(LIBRARY_SEARCH_PATHS_QUOTED_FOR_TARGET_12)",
					"$(LIBRARY_SEARCH_PATHS_QUOTED_FOR_TARGET_13)",
					"$(LIBRARY_SEARCH_PATHS_QUOTED_FOR_TARGET_16)",
					"$(LIBRARY_SEARCH_PATHS_QUOTED_FOR_TARGET_17)",
					"$(LIBRARY_SEARCH_PATHS_QUOTED_FOR_TARGET_18)",
					"$(LIBRARY_SEARCH_PATHS_QUOTED_FOR_TARGET_19)",
					"$(LIBRARY_SEARCH_PATHS_QUOTED_FOR_TARGET_20)",
					"$(LIBRARY_SEARCH_PATHS_QUOTED_FOR_TARGET_21)",
					"$(LIBRARY_SEARCH_PATHS_QUOTED_FOR_TARGET_22)",
					"$(LIBRARY_SEARCH_PATHS_QUOTED_FOR_TARGET_23)",
					"$(LIBRARY_SEARCH_PATHS_QUOTED_FOR_TARGET_24)",
					"$(LIBRARY_SEARCH_PATHS_QUOTED_FOR_TARGET_25)",
					"$(LIBRARY_SEARCH_PATHS_QUOTED_FOR_TARGET_26)",
					"$(LIBRARY_SEARCH_PATHS_QUOTED_FOR_TARGET_27)",
					"$(LIBRARY_SEARCH_PATHS_QUOTED_FOR_TARGET_28)",
					"$(LIBRARY_SEARCH_PATHS_QUOTED_FOR_TARGET_29)",
					"$(LIBRARY_SEARCH_PATHS_QUOTED_FOR_TARGET_30)",
					"$(LIBRARY_SEARCH_PATHS_QUOTED_FOR_TARGET_31)",
					"$(LIBRARY_SEARCH_PATHS_QUOTED_FOR_TARGET_32)",
					"$(LIBRARY_SEARCH_PATHS_QUOTED_FOR_TARGET_33)",
					"$(LIBRARY_SEARCH_PATHS_QUOTED_FOR_TARGET_34)",
					"$(LIBRARY_SEARCH_PATHS_QUOTED_FOR_TARGET_35)",
					"$(LIBRARY_SEARCH_PATHS_QUOTED_FOR_TARGET_36)",
					"$(LIBRARY_SEARCH_PATHS_QUOTED_FOR_TARGET_37)",
					"$(LIBRARY_SEARCH_PATHS_QUOTED_FOR_TARGET_38)",
					"$(LIBRARY_SEARCH_PATHS_QUOTED_FOR_TARGET_39)",
					"$(LIBRARY_SEARCH_PATHS_QUOTED_FOR_TARGET_40)",
					"$(LIBRARY_SEARCH_PATHS_QUOTED_FOR_TARGET_41)",
					"$(LIBRARY_SEARCH_PATHS_QUOTED_FOR_TARGET_42)",
					"$(LIBRARY_SEARCH_PATHS_QUOTED_FOR_TARGET_43)",
					"$(LIBRARY_SEARCH_PATHS_QUOTED_FOR_TARGET_44)",
					"$(LIBRARY_SEARCH_PATHS_QUOTED_FOR_TARGET_45)",
					"$(LIBRARY_SEARCH_PATHS_QUOTED_FOR_TARGET_46)",
					"$(LIBRARY_SEARCH_PATHS_QUOTED_FOR_TARGET_47)",
					"$(LIBRARY_SEARCH_PATHS_QUOTED_FOR_TARGET_48)",
					"$(LIBRARY_SEARCH_PATHS_QUOTED_FOR_TARGET_49)",
					"$(LIBRARY_SEARCH_PATHS_QUOTED_FOR_TARGET_50)",
					"$(LIBRARY_SEARCH_PATHS_QUOTED_FOR_TARGET_51)",
				);
				PREBINDING = NO;
				PRODUCT_NAME = ofMap;
				WRAPPER_EXTENSION = app;
			};
			name = Release;
		};
/* End XCBuildConfiguration section */

/* Begin XCConfigurationList section */
		E4B69B4D0A3A1720003C02F2 /* Build configuration list for PBXProject "ofMap" */ = {
			isa = XCConfigurationList;
			buildConfigurations = (
				E4B69B4E0A3A1720003C02F2 /* Debug */,
				E4B69B4F0A3A1720003C02F2 /* Release */,
			);
			defaultConfigurationIsVisible = 0;
			defaultConfigurationName = Release;
		};
		E4B69B5F0A3A1757003C02F2 /* Build configuration list for PBXNativeTarget "ofMap" */ = {
			isa = XCConfigurationList;
			buildConfigurations = (
				E4B69B600A3A1757003C02F2 /* Debug */,
				E4B69B610A3A1757003C02F2 /* Release */,
			);
			defaultConfigurationIsVisible = 0;
			defaultConfigurationName = Release;
		};
/* End XCConfigurationList section */
	};
	rootObject = E4B69B4C0A3A1720003C02F2 /* Project object */;
}
